// !$*UTF8*$!
{
	archiveVersion = 1;
	classes = {
	};
	objectVersion = 56;
	objects = {

/* Begin PBXBuildFile section */
		72A95A792A1772D100A505FF /* StringExtensionTests.swift in Sources */ = {isa = PBXBuildFile; fileRef = 72A95A782A1772D100A505FF /* StringExtensionTests.swift */; };
		72A95A7C2A17748100A505FF /* RxSwift in Frameworks */ = {isa = PBXBuildFile; productRef = 72A95A7B2A17748100A505FF /* RxSwift */; };
		72A95A7E2A17748500A505FF /* RxCocoa in Frameworks */ = {isa = PBXBuildFile; productRef = 72A95A7D2A17748500A505FF /* RxCocoa */; };
		72A95A802A17748A00A505FF /* Resolver in Frameworks */ = {isa = PBXBuildFile; productRef = 72A95A7F2A17748A00A505FF /* Resolver */; };
		72A95A852A177A8200A505FF /* ActivityIndicatorAgent.swift in Sources */ = {isa = PBXBuildFile; fileRef = 72A95A842A177A8200A505FF /* ActivityIndicatorAgent.swift */; };
		72A95A882A177CA900A505FF /* SnapKit in Frameworks */ = {isa = PBXBuildFile; productRef = 72A95A872A177CA900A505FF /* SnapKit */; };
		72A95A8A2A1781D800A505FF /* BoolExtension.swift in Sources */ = {isa = PBXBuildFile; fileRef = 72A95A892A1781D800A505FF /* BoolExtension.swift */; };
		72A95A8F2A18B2D800A505FF /* DetailViewController.swift in Sources */ = {isa = PBXBuildFile; fileRef = 72A95A8E2A18B2D800A505FF /* DetailViewController.swift */; };
		72A95A912A18B2F300A505FF /* DetailViewController.storyboard in Resources */ = {isa = PBXBuildFile; fileRef = 72A95A902A18B2F300A505FF /* DetailViewController.storyboard */; };
		72A95A932A18B32000A505FF /* DetailCoordinator.swift in Sources */ = {isa = PBXBuildFile; fileRef = 72A95A922A18B32000A505FF /* DetailCoordinator.swift */; };
		72A95A952A18B4D700A505FF /* DetailViewModel.swift in Sources */ = {isa = PBXBuildFile; fileRef = 72A95A942A18B4D700A505FF /* DetailViewModel.swift */; };
		72A95A972A18EBA200A505FF /* DetailDataModel.swift in Sources */ = {isa = PBXBuildFile; fileRef = 72A95A962A18EBA200A505FF /* DetailDataModel.swift */; };
		72A95A992A18EF6400A505FF /* IntExtension.swift in Sources */ = {isa = PBXBuildFile; fileRef = 72A95A982A18EF6400A505FF /* IntExtension.swift */; };
		72A95A9B2A18EFD500A505FF /* IntExtensionTests.swift in Sources */ = {isa = PBXBuildFile; fileRef = 72A95A9A2A18EFD500A505FF /* IntExtensionTests.swift */; };
		72A95A9D2A18F29D00A505FF /* UILabelExtension.swift in Sources */ = {isa = PBXBuildFile; fileRef = 72A95A9C2A18F29D00A505FF /* UILabelExtension.swift */; };
		72A95AA02A18F3B600A505FF /* DetaileInfoTableViewCell.swift in Sources */ = {isa = PBXBuildFile; fileRef = 72A95A9F2A18F3B600A505FF /* DetaileInfoTableViewCell.swift */; };
		72A95AA22A18F3C800A505FF /* DetaileInfoTableViewCell.xib in Resources */ = {isa = PBXBuildFile; fileRef = 72A95AA12A18F3C800A505FF /* DetaileInfoTableViewCell.xib */; };
		72A95ABE2A19294100A505FF /* Person+CoreDataProperties.swift in Sources */ = {isa = PBXBuildFile; fileRef = 72A95AB62A19294100A505FF /* Person+CoreDataProperties.swift */; };
		72A95ABF2A19294100A505FF /* Transfer+CoreDataClass.swift in Sources */ = {isa = PBXBuildFile; fileRef = 72A95AB72A19294100A505FF /* Transfer+CoreDataClass.swift */; };
		72A95AC02A19294100A505FF /* Person+CoreDataClass.swift in Sources */ = {isa = PBXBuildFile; fileRef = 72A95AB82A19294100A505FF /* Person+CoreDataClass.swift */; };
		72A95AC12A19294100A505FF /* Transfer+CoreDataProperties.swift in Sources */ = {isa = PBXBuildFile; fileRef = 72A95AB92A19294100A505FF /* Transfer+CoreDataProperties.swift */; };
		72A95AC22A19294100A505FF /* MoreInfo+CoreDataClass.swift in Sources */ = {isa = PBXBuildFile; fileRef = 72A95ABA2A19294100A505FF /* MoreInfo+CoreDataClass.swift */; };
		72A95AC32A19294200A505FF /* Card+CoreDataProperties.swift in Sources */ = {isa = PBXBuildFile; fileRef = 72A95ABB2A19294100A505FF /* Card+CoreDataProperties.swift */; };
		72A95AC42A19294200A505FF /* MoreInfo+CoreDataProperties.swift in Sources */ = {isa = PBXBuildFile; fileRef = 72A95ABC2A19294100A505FF /* MoreInfo+CoreDataProperties.swift */; };
		72A95AC52A19294200A505FF /* Card+CoreDataClass.swift in Sources */ = {isa = PBXBuildFile; fileRef = 72A95ABD2A19294100A505FF /* Card+CoreDataClass.swift */; };
		72A95AC92A192C2B00A505FF /* CoreDataManager.swift in Sources */ = {isa = PBXBuildFile; fileRef = 72A95AC82A192C2B00A505FF /* CoreDataManager.swift */; };
		72A95ACC2A193DD000A505FF /* FavoriteTransfersTableViewCell.swift in Sources */ = {isa = PBXBuildFile; fileRef = 72A95ACB2A193DD000A505FF /* FavoriteTransfersTableViewCell.swift */; };
		72A95ACE2A193DD800A505FF /* FavoriteTransfersTableViewCell.xib in Resources */ = {isa = PBXBuildFile; fileRef = 72A95ACD2A193DD800A505FF /* FavoriteTransfersTableViewCell.xib */; };
		72A95AD02A193E1400A505FF /* FavoriteTransferCollectionViewCell.swift in Sources */ = {isa = PBXBuildFile; fileRef = 72A95ACF2A193E1400A505FF /* FavoriteTransferCollectionViewCell.swift */; };
		72A95AD22A193E2800A505FF /* FavoriteTransferCollectionViewCell.xib in Resources */ = {isa = PBXBuildFile; fileRef = 72A95AD12A193E2800A505FF /* FavoriteTransferCollectionViewCell.xib */; };
		72A95AD82A195F6C00A505FF /* RxDataSources in Frameworks */ = {isa = PBXBuildFile; productRef = 72A95AD72A195F6C00A505FF /* RxDataSources */; };
		72A95ADB2A196E0100A505FF /* BaseCollectionViewCell.swift in Sources */ = {isa = PBXBuildFile; fileRef = 72A95ADA2A196E0100A505FF /* BaseCollectionViewCell.swift */; };
		72CF3A3E2A14B35E00C92346 /* AppDelegate.swift in Sources */ = {isa = PBXBuildFile; fileRef = 72CF3A3D2A14B35E00C92346 /* AppDelegate.swift */; };
		72CF3A482A14B35E00C92346 /* TransactionsList.xcdatamodeld in Sources */ = {isa = PBXBuildFile; fileRef = 72CF3A462A14B35E00C92346 /* TransactionsList.xcdatamodeld */; };
		72CF3A4A2A14B36000C92346 /* Assets.xcassets in Resources */ = {isa = PBXBuildFile; fileRef = 72CF3A492A14B36000C92346 /* Assets.xcassets */; };
		72CF3A4D2A14B36000C92346 /* LaunchScreen.storyboard in Resources */ = {isa = PBXBuildFile; fileRef = 72CF3A4B2A14B36000C92346 /* LaunchScreen.storyboard */; };
		72CF3A582A14B36100C92346 /* TransactionsListTests.swift in Sources */ = {isa = PBXBuildFile; fileRef = 72CF3A572A14B36100C92346 /* TransactionsListTests.swift */; };
		72CF3A622A14B36100C92346 /* TransactionsListUITests.swift in Sources */ = {isa = PBXBuildFile; fileRef = 72CF3A612A14B36100C92346 /* TransactionsListUITests.swift */; };
		72CF3A642A14B36100C92346 /* TransactionsListUITestsLaunchTests.swift in Sources */ = {isa = PBXBuildFile; fileRef = 72CF3A632A14B36100C92346 /* TransactionsListUITestsLaunchTests.swift */; };
		72CF3A732A14B53F00C92346 /* Coordinatable.swift in Sources */ = {isa = PBXBuildFile; fileRef = 72CF3A722A14B53F00C92346 /* Coordinatable.swift */; };
		72CF3A752A14B56700C92346 /* Coordinator.swift in Sources */ = {isa = PBXBuildFile; fileRef = 72CF3A742A14B56700C92346 /* Coordinator.swift */; };
		72CF3A772A14B5E700C92346 /* MainCoordinator.swift in Sources */ = {isa = PBXBuildFile; fileRef = 72CF3A762A14B5E700C92346 /* MainCoordinator.swift */; };
		72CF3A7A2A14E55C00C92346 /* MainNavigationController.swift in Sources */ = {isa = PBXBuildFile; fileRef = 72CF3A792A14E55C00C92346 /* MainNavigationController.swift */; };
		72CF3A7E2A14E9C200C92346 /* TransactionsListViewController.swift in Sources */ = {isa = PBXBuildFile; fileRef = 72CF3A7D2A14E9C100C92346 /* TransactionsListViewController.swift */; };
		72CF3A812A14EA2700C92346 /* BaseViewController.swift in Sources */ = {isa = PBXBuildFile; fileRef = 72CF3A802A14EA2700C92346 /* BaseViewController.swift */; };
		72CF3A842A14EB8C00C92346 /* ViewControllerExtension.swift in Sources */ = {isa = PBXBuildFile; fileRef = 72CF3A832A14EB8C00C92346 /* ViewControllerExtension.swift */; };
		72CF3A862A1517E200C92346 /* TransactionsListViewController.storyboard in Resources */ = {isa = PBXBuildFile; fileRef = 72CF3A852A1517E200C92346 /* TransactionsListViewController.storyboard */; };
		72CF3A882A15183000C92346 /* TransactionsListCoordinator.swift in Sources */ = {isa = PBXBuildFile; fileRef = 72CF3A872A15183000C92346 /* TransactionsListCoordinator.swift */; };
		72CF3A8B2A151CE200C92346 /* ColorRefrences.swift in Sources */ = {isa = PBXBuildFile; fileRef = 72CF3A8A2A151CE200C92346 /* ColorRefrences.swift */; };
		72EA865C2A1578A000DCF9C8 /* APIRouter.swift in Sources */ = {isa = PBXBuildFile; fileRef = 72EA865B2A1578A000DCF9C8 /* APIRouter.swift */; };
		72EA865E2A1668FF00DCF9C8 /* EncodableExtension.swift in Sources */ = {isa = PBXBuildFile; fileRef = 72EA865D2A1668FF00DCF9C8 /* EncodableExtension.swift */; };
		72EA86602A166A9C00DCF9C8 /* NetworkAgent.swift in Sources */ = {isa = PBXBuildFile; fileRef = 72EA865F2A166A9C00DCF9C8 /* NetworkAgent.swift */; };
		72EA86632A166B4D00DCF9C8 /* RxCocoa in Frameworks */ = {isa = PBXBuildFile; productRef = 72EA86622A166B4D00DCF9C8 /* RxCocoa */; };
		72EA86652A166B4D00DCF9C8 /* RxSwift in Frameworks */ = {isa = PBXBuildFile; productRef = 72EA86642A166B4D00DCF9C8 /* RxSwift */; };
		72EA86672A166DF700DCF9C8 /* NetworkError.swift in Sources */ = {isa = PBXBuildFile; fileRef = 72EA86662A166DF700DCF9C8 /* NetworkError.swift */; };
		72EA866A2A16711500DCF9C8 /* Resolver in Frameworks */ = {isa = PBXBuildFile; productRef = 72EA86692A16711500DCF9C8 /* Resolver */; };
		72EA866E2A1674F700DCF9C8 /* StringExtension.swift in Sources */ = {isa = PBXBuildFile; fileRef = 72EA866D2A1674F700DCF9C8 /* StringExtension.swift */; };
		72EA86702A16750D00DCF9C8 /* Localizable.strings in Resources */ = {isa = PBXBuildFile; fileRef = 72EA866F2A16750D00DCF9C8 /* Localizable.strings */; };
		72EA86722A16753900DCF9C8 /* TransactionsListViewModel.swift in Sources */ = {isa = PBXBuildFile; fileRef = 72EA86712A16753900DCF9C8 /* TransactionsListViewModel.swift */; };
		72EA86742A16775F00DCF9C8 /* TransferModel.swift in Sources */ = {isa = PBXBuildFile; fileRef = 72EA86732A16775F00DCF9C8 /* TransferModel.swift */; };
		72EA86762A167CD300DCF9C8 /* TransactionsListRouter.swift in Sources */ = {isa = PBXBuildFile; fileRef = 72EA86752A167CD300DCF9C8 /* TransactionsListRouter.swift */; };
		72EA86782A16857E00DCF9C8 /* TransfersTableViewCell.xib in Resources */ = {isa = PBXBuildFile; fileRef = 72EA86772A16857E00DCF9C8 /* TransfersTableViewCell.xib */; };
		72EA867A2A16859D00DCF9C8 /* TransfersTableViewCell.swift in Sources */ = {isa = PBXBuildFile; fileRef = 72EA86792A16859D00DCF9C8 /* TransfersTableViewCell.swift */; };
		72EA867F2A168C7000DCF9C8 /* BaseTableViewCell.swift in Sources */ = {isa = PBXBuildFile; fileRef = 72EA867E2A168C7000DCF9C8 /* BaseTableViewCell.swift */; };
		72EA86822A168D7700DCF9C8 /* Kingfisher in Frameworks */ = {isa = PBXBuildFile; productRef = 72EA86812A168D7700DCF9C8 /* Kingfisher */; };
		72EA86842A168EF700DCF9C8 /* UIImageViewExtension.swift in Sources */ = {isa = PBXBuildFile; fileRef = 72EA86832A168EF700DCF9C8 /* UIImageViewExtension.swift */; };
		72EA86862A16918600DCF9C8 /* UIViewExtension.swift in Sources */ = {isa = PBXBuildFile; fileRef = 72EA86852A16918600DCF9C8 /* UIViewExtension.swift */; };
/* End PBXBuildFile section */

/* Begin PBXContainerItemProxy section */
		72CF3A542A14B36000C92346 /* PBXContainerItemProxy */ = {
			isa = PBXContainerItemProxy;
			containerPortal = 72CF3A322A14B35E00C92346 /* Project object */;
			proxyType = 1;
			remoteGlobalIDString = 72CF3A392A14B35E00C92346;
			remoteInfo = TransactionsList;
		};
		72CF3A5E2A14B36100C92346 /* PBXContainerItemProxy */ = {
			isa = PBXContainerItemProxy;
			containerPortal = 72CF3A322A14B35E00C92346 /* Project object */;
			proxyType = 1;
			remoteGlobalIDString = 72CF3A392A14B35E00C92346;
			remoteInfo = TransactionsList;
		};
/* End PBXContainerItemProxy section */

/* Begin PBXFileReference section */
		72A95A782A1772D100A505FF /* StringExtensionTests.swift */ = {isa = PBXFileReference; lastKnownFileType = sourcecode.swift; path = StringExtensionTests.swift; sourceTree = "<group>"; };
		72A95A842A177A8200A505FF /* ActivityIndicatorAgent.swift */ = {isa = PBXFileReference; lastKnownFileType = sourcecode.swift; path = ActivityIndicatorAgent.swift; sourceTree = "<group>"; };
		72A95A892A1781D800A505FF /* BoolExtension.swift */ = {isa = PBXFileReference; lastKnownFileType = sourcecode.swift; path = BoolExtension.swift; sourceTree = "<group>"; };
		72A95A8E2A18B2D800A505FF /* DetailViewController.swift */ = {isa = PBXFileReference; lastKnownFileType = sourcecode.swift; path = DetailViewController.swift; sourceTree = "<group>"; };
		72A95A902A18B2F300A505FF /* DetailViewController.storyboard */ = {isa = PBXFileReference; lastKnownFileType = file.storyboard; path = DetailViewController.storyboard; sourceTree = "<group>"; };
		72A95A922A18B32000A505FF /* DetailCoordinator.swift */ = {isa = PBXFileReference; lastKnownFileType = sourcecode.swift; path = DetailCoordinator.swift; sourceTree = "<group>"; };
		72A95A942A18B4D700A505FF /* DetailViewModel.swift */ = {isa = PBXFileReference; lastKnownFileType = sourcecode.swift; path = DetailViewModel.swift; sourceTree = "<group>"; };
		72A95A962A18EBA200A505FF /* DetailDataModel.swift */ = {isa = PBXFileReference; lastKnownFileType = sourcecode.swift; path = DetailDataModel.swift; sourceTree = "<group>"; };
		72A95A982A18EF6400A505FF /* IntExtension.swift */ = {isa = PBXFileReference; lastKnownFileType = sourcecode.swift; path = IntExtension.swift; sourceTree = "<group>"; };
		72A95A9A2A18EFD500A505FF /* IntExtensionTests.swift */ = {isa = PBXFileReference; lastKnownFileType = sourcecode.swift; path = IntExtensionTests.swift; sourceTree = "<group>"; };
		72A95A9C2A18F29D00A505FF /* UILabelExtension.swift */ = {isa = PBXFileReference; lastKnownFileType = sourcecode.swift; path = UILabelExtension.swift; sourceTree = "<group>"; };
		72A95A9F2A18F3B600A505FF /* DetaileInfoTableViewCell.swift */ = {isa = PBXFileReference; lastKnownFileType = sourcecode.swift; path = DetaileInfoTableViewCell.swift; sourceTree = "<group>"; };
		72A95AA12A18F3C800A505FF /* DetaileInfoTableViewCell.xib */ = {isa = PBXFileReference; lastKnownFileType = file.xib; path = DetaileInfoTableViewCell.xib; sourceTree = "<group>"; };
		72A95AB62A19294100A505FF /* Person+CoreDataProperties.swift */ = {isa = PBXFileReference; fileEncoding = 4; lastKnownFileType = sourcecode.swift; path = "Person+CoreDataProperties.swift"; sourceTree = "<group>"; };
		72A95AB72A19294100A505FF /* Transfer+CoreDataClass.swift */ = {isa = PBXFileReference; fileEncoding = 4; lastKnownFileType = sourcecode.swift; path = "Transfer+CoreDataClass.swift"; sourceTree = "<group>"; };
		72A95AB82A19294100A505FF /* Person+CoreDataClass.swift */ = {isa = PBXFileReference; fileEncoding = 4; lastKnownFileType = sourcecode.swift; path = "Person+CoreDataClass.swift"; sourceTree = "<group>"; };
		72A95AB92A19294100A505FF /* Transfer+CoreDataProperties.swift */ = {isa = PBXFileReference; fileEncoding = 4; lastKnownFileType = sourcecode.swift; path = "Transfer+CoreDataProperties.swift"; sourceTree = "<group>"; };
		72A95ABA2A19294100A505FF /* MoreInfo+CoreDataClass.swift */ = {isa = PBXFileReference; fileEncoding = 4; lastKnownFileType = sourcecode.swift; path = "MoreInfo+CoreDataClass.swift"; sourceTree = "<group>"; };
		72A95ABB2A19294100A505FF /* Card+CoreDataProperties.swift */ = {isa = PBXFileReference; fileEncoding = 4; lastKnownFileType = sourcecode.swift; path = "Card+CoreDataProperties.swift"; sourceTree = "<group>"; };
		72A95ABC2A19294100A505FF /* MoreInfo+CoreDataProperties.swift */ = {isa = PBXFileReference; fileEncoding = 4; lastKnownFileType = sourcecode.swift; path = "MoreInfo+CoreDataProperties.swift"; sourceTree = "<group>"; };
		72A95ABD2A19294100A505FF /* Card+CoreDataClass.swift */ = {isa = PBXFileReference; fileEncoding = 4; lastKnownFileType = sourcecode.swift; path = "Card+CoreDataClass.swift"; sourceTree = "<group>"; };
		72A95AC82A192C2B00A505FF /* CoreDataManager.swift */ = {isa = PBXFileReference; lastKnownFileType = sourcecode.swift; path = CoreDataManager.swift; sourceTree = "<group>"; };
		72A95ACB2A193DD000A505FF /* FavoriteTransfersTableViewCell.swift */ = {isa = PBXFileReference; lastKnownFileType = sourcecode.swift; path = FavoriteTransfersTableViewCell.swift; sourceTree = "<group>"; };
		72A95ACD2A193DD800A505FF /* FavoriteTransfersTableViewCell.xib */ = {isa = PBXFileReference; lastKnownFileType = file.xib; path = FavoriteTransfersTableViewCell.xib; sourceTree = "<group>"; };
		72A95ACF2A193E1400A505FF /* FavoriteTransferCollectionViewCell.swift */ = {isa = PBXFileReference; lastKnownFileType = sourcecode.swift; path = FavoriteTransferCollectionViewCell.swift; sourceTree = "<group>"; };
		72A95AD12A193E2800A505FF /* FavoriteTransferCollectionViewCell.xib */ = {isa = PBXFileReference; lastKnownFileType = file.xib; path = FavoriteTransferCollectionViewCell.xib; sourceTree = "<group>"; };
		72A95ADA2A196E0100A505FF /* BaseCollectionViewCell.swift */ = {isa = PBXFileReference; lastKnownFileType = sourcecode.swift; path = BaseCollectionViewCell.swift; sourceTree = "<group>"; };
		72CF3A3A2A14B35E00C92346 /* TransactionsList.app */ = {isa = PBXFileReference; explicitFileType = wrapper.application; includeInIndex = 0; path = TransactionsList.app; sourceTree = BUILT_PRODUCTS_DIR; };
		72CF3A3D2A14B35E00C92346 /* AppDelegate.swift */ = {isa = PBXFileReference; lastKnownFileType = sourcecode.swift; path = AppDelegate.swift; sourceTree = "<group>"; };
		72CF3A472A14B35E00C92346 /* TransactionsList.xcdatamodel */ = {isa = PBXFileReference; lastKnownFileType = wrapper.xcdatamodel; path = TransactionsList.xcdatamodel; sourceTree = "<group>"; };
		72CF3A492A14B36000C92346 /* Assets.xcassets */ = {isa = PBXFileReference; lastKnownFileType = folder.assetcatalog; path = Assets.xcassets; sourceTree = "<group>"; };
		72CF3A4C2A14B36000C92346 /* Base */ = {isa = PBXFileReference; lastKnownFileType = file.storyboard; name = Base; path = Base.lproj/LaunchScreen.storyboard; sourceTree = "<group>"; };
		72CF3A4E2A14B36000C92346 /* Info.plist */ = {isa = PBXFileReference; lastKnownFileType = text.plist.xml; path = Info.plist; sourceTree = "<group>"; };
		72CF3A532A14B36000C92346 /* TransactionsListTests.xctest */ = {isa = PBXFileReference; explicitFileType = wrapper.cfbundle; includeInIndex = 0; path = TransactionsListTests.xctest; sourceTree = BUILT_PRODUCTS_DIR; };
		72CF3A572A14B36100C92346 /* TransactionsListTests.swift */ = {isa = PBXFileReference; lastKnownFileType = sourcecode.swift; path = TransactionsListTests.swift; sourceTree = "<group>"; };
		72CF3A5D2A14B36100C92346 /* TransactionsListUITests.xctest */ = {isa = PBXFileReference; explicitFileType = wrapper.cfbundle; includeInIndex = 0; path = TransactionsListUITests.xctest; sourceTree = BUILT_PRODUCTS_DIR; };
		72CF3A612A14B36100C92346 /* TransactionsListUITests.swift */ = {isa = PBXFileReference; lastKnownFileType = sourcecode.swift; path = TransactionsListUITests.swift; sourceTree = "<group>"; };
		72CF3A632A14B36100C92346 /* TransactionsListUITestsLaunchTests.swift */ = {isa = PBXFileReference; lastKnownFileType = sourcecode.swift; path = TransactionsListUITestsLaunchTests.swift; sourceTree = "<group>"; };
		72CF3A722A14B53F00C92346 /* Coordinatable.swift */ = {isa = PBXFileReference; lastKnownFileType = sourcecode.swift; path = Coordinatable.swift; sourceTree = "<group>"; };
		72CF3A742A14B56700C92346 /* Coordinator.swift */ = {isa = PBXFileReference; lastKnownFileType = sourcecode.swift; path = Coordinator.swift; sourceTree = "<group>"; };
		72CF3A762A14B5E700C92346 /* MainCoordinator.swift */ = {isa = PBXFileReference; lastKnownFileType = sourcecode.swift; path = MainCoordinator.swift; sourceTree = "<group>"; };
		72CF3A792A14E55C00C92346 /* MainNavigationController.swift */ = {isa = PBXFileReference; lastKnownFileType = sourcecode.swift; path = MainNavigationController.swift; sourceTree = "<group>"; };
		72CF3A7D2A14E9C100C92346 /* TransactionsListViewController.swift */ = {isa = PBXFileReference; lastKnownFileType = sourcecode.swift; path = TransactionsListViewController.swift; sourceTree = "<group>"; };
		72CF3A802A14EA2700C92346 /* BaseViewController.swift */ = {isa = PBXFileReference; lastKnownFileType = sourcecode.swift; path = BaseViewController.swift; sourceTree = "<group>"; };
		72CF3A832A14EB8C00C92346 /* ViewControllerExtension.swift */ = {isa = PBXFileReference; lastKnownFileType = sourcecode.swift; path = ViewControllerExtension.swift; sourceTree = "<group>"; };
		72CF3A852A1517E200C92346 /* TransactionsListViewController.storyboard */ = {isa = PBXFileReference; lastKnownFileType = file.storyboard; path = TransactionsListViewController.storyboard; sourceTree = "<group>"; };
		72CF3A872A15183000C92346 /* TransactionsListCoordinator.swift */ = {isa = PBXFileReference; lastKnownFileType = sourcecode.swift; path = TransactionsListCoordinator.swift; sourceTree = "<group>"; };
		72CF3A8A2A151CE200C92346 /* ColorRefrences.swift */ = {isa = PBXFileReference; lastKnownFileType = sourcecode.swift; path = ColorRefrences.swift; sourceTree = "<group>"; };
		72EA865B2A1578A000DCF9C8 /* APIRouter.swift */ = {isa = PBXFileReference; lastKnownFileType = sourcecode.swift; path = APIRouter.swift; sourceTree = "<group>"; };
		72EA865D2A1668FF00DCF9C8 /* EncodableExtension.swift */ = {isa = PBXFileReference; lastKnownFileType = sourcecode.swift; path = EncodableExtension.swift; sourceTree = "<group>"; };
		72EA865F2A166A9C00DCF9C8 /* NetworkAgent.swift */ = {isa = PBXFileReference; lastKnownFileType = sourcecode.swift; path = NetworkAgent.swift; sourceTree = "<group>"; };
		72EA86662A166DF700DCF9C8 /* NetworkError.swift */ = {isa = PBXFileReference; lastKnownFileType = sourcecode.swift; path = NetworkError.swift; sourceTree = "<group>"; };
		72EA866D2A1674F700DCF9C8 /* StringExtension.swift */ = {isa = PBXFileReference; lastKnownFileType = sourcecode.swift; path = StringExtension.swift; sourceTree = "<group>"; };
		72EA866F2A16750D00DCF9C8 /* Localizable.strings */ = {isa = PBXFileReference; lastKnownFileType = text.plist.strings; path = Localizable.strings; sourceTree = "<group>"; };
		72EA86712A16753900DCF9C8 /* TransactionsListViewModel.swift */ = {isa = PBXFileReference; lastKnownFileType = sourcecode.swift; path = TransactionsListViewModel.swift; sourceTree = "<group>"; };
		72EA86732A16775F00DCF9C8 /* TransferModel.swift */ = {isa = PBXFileReference; lastKnownFileType = sourcecode.swift; path = TransferModel.swift; sourceTree = "<group>"; };
		72EA86752A167CD300DCF9C8 /* TransactionsListRouter.swift */ = {isa = PBXFileReference; lastKnownFileType = sourcecode.swift; path = TransactionsListRouter.swift; sourceTree = "<group>"; };
		72EA86772A16857E00DCF9C8 /* TransfersTableViewCell.xib */ = {isa = PBXFileReference; lastKnownFileType = file.xib; path = TransfersTableViewCell.xib; sourceTree = "<group>"; };
		72EA86792A16859D00DCF9C8 /* TransfersTableViewCell.swift */ = {isa = PBXFileReference; lastKnownFileType = sourcecode.swift; path = TransfersTableViewCell.swift; sourceTree = "<group>"; };
		72EA867E2A168C7000DCF9C8 /* BaseTableViewCell.swift */ = {isa = PBXFileReference; lastKnownFileType = sourcecode.swift; path = BaseTableViewCell.swift; sourceTree = "<group>"; };
		72EA86832A168EF700DCF9C8 /* UIImageViewExtension.swift */ = {isa = PBXFileReference; lastKnownFileType = sourcecode.swift; path = UIImageViewExtension.swift; sourceTree = "<group>"; };
		72EA86852A16918600DCF9C8 /* UIViewExtension.swift */ = {isa = PBXFileReference; lastKnownFileType = sourcecode.swift; path = UIViewExtension.swift; sourceTree = "<group>"; };
/* End PBXFileReference section */

/* Begin PBXFrameworksBuildPhase section */
		72CF3A372A14B35E00C92346 /* Frameworks */ = {
			isa = PBXFrameworksBuildPhase;
			buildActionMask = 2147483647;
			files = (
				72EA86822A168D7700DCF9C8 /* Kingfisher in Frameworks */,
				72EA866A2A16711500DCF9C8 /* Resolver in Frameworks */,
				72EA86652A166B4D00DCF9C8 /* RxSwift in Frameworks */,
				72A95AD82A195F6C00A505FF /* RxDataSources in Frameworks */,
				72EA86632A166B4D00DCF9C8 /* RxCocoa in Frameworks */,
				72A95A882A177CA900A505FF /* SnapKit in Frameworks */,
			);
			runOnlyForDeploymentPostprocessing = 0;
		};
		72CF3A502A14B36000C92346 /* Frameworks */ = {
			isa = PBXFrameworksBuildPhase;
			buildActionMask = 2147483647;
			files = (
				72A95A802A17748A00A505FF /* Resolver in Frameworks */,
				72A95A7E2A17748500A505FF /* RxCocoa in Frameworks */,
				72A95A7C2A17748100A505FF /* RxSwift in Frameworks */,
			);
			runOnlyForDeploymentPostprocessing = 0;
		};
		72CF3A5A2A14B36100C92346 /* Frameworks */ = {
			isa = PBXFrameworksBuildPhase;
			buildActionMask = 2147483647;
			files = (
			);
			runOnlyForDeploymentPostprocessing = 0;
		};
/* End PBXFrameworksBuildPhase section */

/* Begin PBXGroup section */
		72A95A7A2A17748100A505FF /* Frameworks */ = {
			isa = PBXGroup;
			children = (
			);
			name = Frameworks;
			sourceTree = "<group>";
		};
		72A95A812A177A4000A505FF /* Base Views */ = {
			isa = PBXGroup;
			children = (
				72EA867D2A168C5400DCF9C8 /* Base Table View Cell */,
				72A95AD92A196DEE00A505FF /* Base Collection View Cell */,
				72A95A832A177A6B00A505FF /* Activity Indicator */,
			);
			path = "Base Views";
			sourceTree = "<group>";
		};
		72A95A822A177A5B00A505FF /* Base View Controllers */ = {
			isa = PBXGroup;
			children = (
				72CF3A7F2A14E9EC00C92346 /* Base View Controller */,
				72CF3A782A14E53500C92346 /* Base Navigation Controller */,
			);
			path = "Base View Controllers";
			sourceTree = "<group>";
		};
		72A95A832A177A6B00A505FF /* Activity Indicator */ = {
			isa = PBXGroup;
			children = (
				72A95A842A177A8200A505FF /* ActivityIndicatorAgent.swift */,
			);
			path = "Activity Indicator";
			sourceTree = "<group>";
		};
		72A95A8D2A18B2C400A505FF /* Detail */ = {
			isa = PBXGroup;
			children = (
				72A95A9E2A18F39200A505FF /* Info */,
				72A95A902A18B2F300A505FF /* DetailViewController.storyboard */,
				72A95A8E2A18B2D800A505FF /* DetailViewController.swift */,
				72A95A942A18B4D700A505FF /* DetailViewModel.swift */,
				72A95A922A18B32000A505FF /* DetailCoordinator.swift */,
				72A95A962A18EBA200A505FF /* DetailDataModel.swift */,
			);
			path = Detail;
			sourceTree = "<group>";
		};
		72A95A9E2A18F39200A505FF /* Info */ = {
			isa = PBXGroup;
			children = (
				72A95AA12A18F3C800A505FF /* DetaileInfoTableViewCell.xib */,
				72A95A9F2A18F3B600A505FF /* DetaileInfoTableViewCell.swift */,
			);
			path = Info;
			sourceTree = "<group>";
		};
		72A95AC62A19295800A505FF /* CoreData Models */ = {
			isa = PBXGroup;
			children = (
				72A95ABD2A19294100A505FF /* Card+CoreDataClass.swift */,
				72A95ABB2A19294100A505FF /* Card+CoreDataProperties.swift */,
				72A95ABA2A19294100A505FF /* MoreInfo+CoreDataClass.swift */,
				72A95ABC2A19294100A505FF /* MoreInfo+CoreDataProperties.swift */,
				72A95AB82A19294100A505FF /* Person+CoreDataClass.swift */,
				72A95AB62A19294100A505FF /* Person+CoreDataProperties.swift */,
				72A95AB72A19294100A505FF /* Transfer+CoreDataClass.swift */,
				72A95AB92A19294100A505FF /* Transfer+CoreDataProperties.swift */,
			);
			path = "CoreData Models";
			sourceTree = "<group>";
		};
		72A95AC72A192C1B00A505FF /* Manager */ = {
			isa = PBXGroup;
			children = (
				72A95AC82A192C2B00A505FF /* CoreDataManager.swift */,
			);
			path = Manager;
			sourceTree = "<group>";
		};
		72A95ACA2A193D3B00A505FF /* Favorites */ = {
			isa = PBXGroup;
			children = (
				72A95ACD2A193DD800A505FF /* FavoriteTransfersTableViewCell.xib */,
				72A95ACB2A193DD000A505FF /* FavoriteTransfersTableViewCell.swift */,
				72A95AD12A193E2800A505FF /* FavoriteTransferCollectionViewCell.xib */,
				72A95ACF2A193E1400A505FF /* FavoriteTransferCollectionViewCell.swift */,
			);
			path = Favorites;
			sourceTree = "<group>";
		};
		72A95AD92A196DEE00A505FF /* Base Collection View Cell */ = {
			isa = PBXGroup;
			children = (
				72A95ADA2A196E0100A505FF /* BaseCollectionViewCell.swift */,
			);
			path = "Base Collection View Cell";
			sourceTree = "<group>";
		};
		72CF3A312A14B35E00C92346 = {
			isa = PBXGroup;
			children = (
				72CF3A3C2A14B35E00C92346 /* TransactionsList */,
				72CF3A562A14B36100C92346 /* TransactionsListTests */,
				72CF3A602A14B36100C92346 /* TransactionsListUITests */,
				72CF3A3B2A14B35E00C92346 /* Products */,
				72A95A7A2A17748100A505FF /* Frameworks */,
			);
			sourceTree = "<group>";
		};
		72CF3A3B2A14B35E00C92346 /* Products */ = {
			isa = PBXGroup;
			children = (
				72CF3A3A2A14B35E00C92346 /* TransactionsList.app */,
				72CF3A532A14B36000C92346 /* TransactionsListTests.xctest */,
				72CF3A5D2A14B36100C92346 /* TransactionsListUITests.xctest */,
			);
			name = Products;
			sourceTree = "<group>";
		};
		72CF3A3C2A14B35E00C92346 /* TransactionsList */ = {
			isa = PBXGroup;
			children = (
				72CF3A7B2A14E97400C92346 /* Modules */,
				72CF3A702A14B51C00C92346 /* Core */,
				72CF3A892A151C4100C92346 /* Resources */,
				72CF3A462A14B35E00C92346 /* TransactionsList.xcdatamodeld */,
			);
			path = TransactionsList;
			sourceTree = "<group>";
		};
		72CF3A562A14B36100C92346 /* TransactionsListTests */ = {
			isa = PBXGroup;
			children = (
				72CF3A572A14B36100C92346 /* TransactionsListTests.swift */,
				72A95A782A1772D100A505FF /* StringExtensionTests.swift */,
				72A95A9A2A18EFD500A505FF /* IntExtensionTests.swift */,
			);
			path = TransactionsListTests;
			sourceTree = "<group>";
		};
		72CF3A602A14B36100C92346 /* TransactionsListUITests */ = {
			isa = PBXGroup;
			children = (
				72CF3A612A14B36100C92346 /* TransactionsListUITests.swift */,
				72CF3A632A14B36100C92346 /* TransactionsListUITestsLaunchTests.swift */,
			);
			path = TransactionsListUITests;
			sourceTree = "<group>";
		};
		72CF3A702A14B51C00C92346 /* Core */ = {
			isa = PBXGroup;
			children = (
				72A95AC72A192C1B00A505FF /* Manager */,
				72A95AC62A19295800A505FF /* CoreData Models */,
				72A95A812A177A4000A505FF /* Base Views */,
				72A95A822A177A5B00A505FF /* Base View Controllers */,
				72CF3A712A14B52400C92346 /* Base Coordinator */,
				72CF3A822A14EABC00C92346 /* Extensions */,
				72EA865A2A15788800DCF9C8 /* Network */,
			);
			path = Core;
			sourceTree = "<group>";
		};
		72CF3A712A14B52400C92346 /* Base Coordinator */ = {
			isa = PBXGroup;
			children = (
				72CF3A722A14B53F00C92346 /* Coordinatable.swift */,
				72CF3A742A14B56700C92346 /* Coordinator.swift */,
				72CF3A762A14B5E700C92346 /* MainCoordinator.swift */,
			);
			path = "Base Coordinator";
			sourceTree = "<group>";
		};
		72CF3A782A14E53500C92346 /* Base Navigation Controller */ = {
			isa = PBXGroup;
			children = (
				72CF3A792A14E55C00C92346 /* MainNavigationController.swift */,
			);
			path = "Base Navigation Controller";
			sourceTree = "<group>";
		};
		72CF3A7B2A14E97400C92346 /* Modules */ = {
			isa = PBXGroup;
			children = (
				72CF3A7C2A14E98900C92346 /* TransfersList */,
				72A95A8D2A18B2C400A505FF /* Detail */,
				72CF3A3D2A14B35E00C92346 /* AppDelegate.swift */,
			);
			path = Modules;
			sourceTree = "<group>";
		};
		72CF3A7C2A14E98900C92346 /* TransfersList */ = {
			isa = PBXGroup;
			children = (
				72EA867B2A1685A400DCF9C8 /* Transfers Table View Cells */,
				72CF3A852A1517E200C92346 /* TransactionsListViewController.storyboard */,
				72CF3A7D2A14E9C100C92346 /* TransactionsListViewController.swift */,
				72EA86712A16753900DCF9C8 /* TransactionsListViewModel.swift */,
				72CF3A872A15183000C92346 /* TransactionsListCoordinator.swift */,
				72EA86732A16775F00DCF9C8 /* TransferModel.swift */,
				72EA86752A167CD300DCF9C8 /* TransactionsListRouter.swift */,
			);
			path = TransfersList;
			sourceTree = "<group>";
		};
		72CF3A7F2A14E9EC00C92346 /* Base View Controller */ = {
			isa = PBXGroup;
			children = (
				72CF3A802A14EA2700C92346 /* BaseViewController.swift */,
			);
			path = "Base View Controller";
			sourceTree = "<group>";
		};
		72CF3A822A14EABC00C92346 /* Extensions */ = {
			isa = PBXGroup;
			children = (
				72CF3A832A14EB8C00C92346 /* ViewControllerExtension.swift */,
				72EA865D2A1668FF00DCF9C8 /* EncodableExtension.swift */,
				72EA866D2A1674F700DCF9C8 /* StringExtension.swift */,
				72EA86832A168EF700DCF9C8 /* UIImageViewExtension.swift */,
				72EA86852A16918600DCF9C8 /* UIViewExtension.swift */,
				72A95A892A1781D800A505FF /* BoolExtension.swift */,
				72A95A982A18EF6400A505FF /* IntExtension.swift */,
				72A95A9C2A18F29D00A505FF /* UILabelExtension.swift */,
			);
			path = Extensions;
			sourceTree = "<group>";
		};
		72CF3A892A151C4100C92346 /* Resources */ = {
			isa = PBXGroup;
			children = (
				72CF3A492A14B36000C92346 /* Assets.xcassets */,
				72CF3A4E2A14B36000C92346 /* Info.plist */,
				72CF3A4B2A14B36000C92346 /* LaunchScreen.storyboard */,
				72CF3A8A2A151CE200C92346 /* ColorRefrences.swift */,
				72EA866F2A16750D00DCF9C8 /* Localizable.strings */,
			);
			path = Resources;
			sourceTree = "<group>";
		};
		72EA865A2A15788800DCF9C8 /* Network */ = {
			isa = PBXGroup;
			children = (
				72EA865B2A1578A000DCF9C8 /* APIRouter.swift */,
				72EA865F2A166A9C00DCF9C8 /* NetworkAgent.swift */,
				72EA86662A166DF700DCF9C8 /* NetworkError.swift */,
			);
			path = Network;
			sourceTree = "<group>";
		};
		72EA867B2A1685A400DCF9C8 /* Transfers Table View Cells */ = {
			isa = PBXGroup;
			children = (
				72EA867C2A1685C200DCF9C8 /* All */,
				72A95ACA2A193D3B00A505FF /* Favorites */,
			);
			path = "Transfers Table View Cells";
			sourceTree = "<group>";
		};
		72EA867C2A1685C200DCF9C8 /* All */ = {
			isa = PBXGroup;
			children = (
				72EA86772A16857E00DCF9C8 /* TransfersTableViewCell.xib */,
				72EA86792A16859D00DCF9C8 /* TransfersTableViewCell.swift */,
			);
			path = All;
			sourceTree = "<group>";
		};
		72EA867D2A168C5400DCF9C8 /* Base Table View Cell */ = {
			isa = PBXGroup;
			children = (
				72EA867E2A168C7000DCF9C8 /* BaseTableViewCell.swift */,
			);
			path = "Base Table View Cell";
			sourceTree = "<group>";
		};
/* End PBXGroup section */

/* Begin PBXNativeTarget section */
		72CF3A392A14B35E00C92346 /* TransactionsList */ = {
			isa = PBXNativeTarget;
			buildConfigurationList = 72CF3A672A14B36100C92346 /* Build configuration list for PBXNativeTarget "TransactionsList" */;
			buildPhases = (
				72CF3A362A14B35E00C92346 /* Sources */,
				72CF3A372A14B35E00C92346 /* Frameworks */,
				72CF3A382A14B35E00C92346 /* Resources */,
				72EA866B2A16730100DCF9C8 /* SwiftLint */,
				72EA866C2A16731500DCF9C8 /* SwiftFormat */,
			);
			buildRules = (
			);
			dependencies = (
			);
			name = TransactionsList;
			packageProductDependencies = (
				72EA86622A166B4D00DCF9C8 /* RxCocoa */,
				72EA86642A166B4D00DCF9C8 /* RxSwift */,
				72EA86692A16711500DCF9C8 /* Resolver */,
				72EA86812A168D7700DCF9C8 /* Kingfisher */,
				72A95A872A177CA900A505FF /* SnapKit */,
				72A95AD72A195F6C00A505FF /* RxDataSources */,
			);
			productName = TransactionsList;
			productReference = 72CF3A3A2A14B35E00C92346 /* TransactionsList.app */;
			productType = "com.apple.product-type.application";
		};
		72CF3A522A14B36000C92346 /* TransactionsListTests */ = {
			isa = PBXNativeTarget;
			buildConfigurationList = 72CF3A6A2A14B36100C92346 /* Build configuration list for PBXNativeTarget "TransactionsListTests" */;
			buildPhases = (
				72CF3A4F2A14B36000C92346 /* Sources */,
				72CF3A502A14B36000C92346 /* Frameworks */,
				72CF3A512A14B36000C92346 /* Resources */,
			);
			buildRules = (
			);
			dependencies = (
				72CF3A552A14B36000C92346 /* PBXTargetDependency */,
			);
			name = TransactionsListTests;
			packageProductDependencies = (
				72A95A7B2A17748100A505FF /* RxSwift */,
				72A95A7D2A17748500A505FF /* RxCocoa */,
				72A95A7F2A17748A00A505FF /* Resolver */,
			);
			productName = TransactionsListTests;
			productReference = 72CF3A532A14B36000C92346 /* TransactionsListTests.xctest */;
			productType = "com.apple.product-type.bundle.unit-test";
		};
		72CF3A5C2A14B36100C92346 /* TransactionsListUITests */ = {
			isa = PBXNativeTarget;
			buildConfigurationList = 72CF3A6D2A14B36100C92346 /* Build configuration list for PBXNativeTarget "TransactionsListUITests" */;
			buildPhases = (
				72CF3A592A14B36100C92346 /* Sources */,
				72CF3A5A2A14B36100C92346 /* Frameworks */,
				72CF3A5B2A14B36100C92346 /* Resources */,
			);
			buildRules = (
			);
			dependencies = (
				72CF3A5F2A14B36100C92346 /* PBXTargetDependency */,
			);
			name = TransactionsListUITests;
			productName = TransactionsListUITests;
			productReference = 72CF3A5D2A14B36100C92346 /* TransactionsListUITests.xctest */;
			productType = "com.apple.product-type.bundle.ui-testing";
		};
/* End PBXNativeTarget section */

/* Begin PBXProject section */
		72CF3A322A14B35E00C92346 /* Project object */ = {
			isa = PBXProject;
			attributes = {
				BuildIndependentTargetsInParallel = 1;
				LastSwiftUpdateCheck = 1410;
				LastUpgradeCheck = 1410;
				TargetAttributes = {
					72CF3A392A14B35E00C92346 = {
						CreatedOnToolsVersion = 14.1;
					};
					72CF3A522A14B36000C92346 = {
						CreatedOnToolsVersion = 14.1;
						TestTargetID = 72CF3A392A14B35E00C92346;
					};
					72CF3A5C2A14B36100C92346 = {
						CreatedOnToolsVersion = 14.1;
						TestTargetID = 72CF3A392A14B35E00C92346;
					};
				};
			};
			buildConfigurationList = 72CF3A352A14B35E00C92346 /* Build configuration list for PBXProject "TransactionsList" */;
			compatibilityVersion = "Xcode 14.0";
			developmentRegion = en;
			hasScannedForEncodings = 0;
			knownRegions = (
				en,
				Base,
			);
			mainGroup = 72CF3A312A14B35E00C92346;
			packageReferences = (
				72EA86612A166B4D00DCF9C8 /* XCRemoteSwiftPackageReference "RxSwift" */,
				72EA86682A16711500DCF9C8 /* XCRemoteSwiftPackageReference "Resolver" */,
				72EA86802A168D7700DCF9C8 /* XCRemoteSwiftPackageReference "Kingfisher" */,
				72A95A862A177CA900A505FF /* XCRemoteSwiftPackageReference "SnapKit" */,
				72A95AD62A195F6C00A505FF /* XCRemoteSwiftPackageReference "RxDataSources" */,
			);
			productRefGroup = 72CF3A3B2A14B35E00C92346 /* Products */;
			projectDirPath = "";
			projectRoot = "";
			targets = (
				72CF3A392A14B35E00C92346 /* TransactionsList */,
				72CF3A522A14B36000C92346 /* TransactionsListTests */,
				72CF3A5C2A14B36100C92346 /* TransactionsListUITests */,
			);
		};
/* End PBXProject section */

/* Begin PBXResourcesBuildPhase section */
		72CF3A382A14B35E00C92346 /* Resources */ = {
			isa = PBXResourcesBuildPhase;
			buildActionMask = 2147483647;
			files = (
				72EA86782A16857E00DCF9C8 /* TransfersTableViewCell.xib in Resources */,
				72CF3A862A1517E200C92346 /* TransactionsListViewController.storyboard in Resources */,
				72EA86702A16750D00DCF9C8 /* Localizable.strings in Resources */,
				72A95AA22A18F3C800A505FF /* DetaileInfoTableViewCell.xib in Resources */,
				72CF3A4D2A14B36000C92346 /* LaunchScreen.storyboard in Resources */,
				72A95A912A18B2F300A505FF /* DetailViewController.storyboard in Resources */,
				72A95ACE2A193DD800A505FF /* FavoriteTransfersTableViewCell.xib in Resources */,
				72A95AD22A193E2800A505FF /* FavoriteTransferCollectionViewCell.xib in Resources */,
				72CF3A4A2A14B36000C92346 /* Assets.xcassets in Resources */,
			);
			runOnlyForDeploymentPostprocessing = 0;
		};
		72CF3A512A14B36000C92346 /* Resources */ = {
			isa = PBXResourcesBuildPhase;
			buildActionMask = 2147483647;
			files = (
			);
			runOnlyForDeploymentPostprocessing = 0;
		};
		72CF3A5B2A14B36100C92346 /* Resources */ = {
			isa = PBXResourcesBuildPhase;
			buildActionMask = 2147483647;
			files = (
			);
			runOnlyForDeploymentPostprocessing = 0;
		};
/* End PBXResourcesBuildPhase section */

/* Begin PBXShellScriptBuildPhase section */
		72EA866B2A16730100DCF9C8 /* SwiftLint */ = {
			isa = PBXShellScriptBuildPhase;
			buildActionMask = 2147483647;
			files = (
			);
			inputFileListPaths = (
			);
			inputPaths = (
			);
			name = SwiftLint;
			outputFileListPaths = (
			);
			outputPaths = (
			);
			runOnlyForDeploymentPostprocessing = 0;
			shellPath = /bin/sh;
			shellScript = "export PATH=\"$PATH:/opt/homebrew/bin\"\nif which swiftlint > /dev/null; then\n  swiftlint\nelse\n  echo \"warning: SwiftLint not installed, download from https://github.com/realm/SwiftLint\"\nfi\n";
		};
		72EA866C2A16731500DCF9C8 /* SwiftFormat */ = {
			isa = PBXShellScriptBuildPhase;
			buildActionMask = 2147483647;
			files = (
			);
			inputFileListPaths = (
			);
			inputPaths = (
			);
			name = SwiftFormat;
			outputFileListPaths = (
			);
			outputPaths = (
			);
			runOnlyForDeploymentPostprocessing = 0;
			shellPath = /bin/sh;
			shellScript = "if which swiftformat >/dev/null; then\n  swiftformat .\nelse\n  echo \"warning: SwiftFormat not installed, download from https://github.com/nicklockwood/SwiftFormat\"\nfi\n";
		};
/* End PBXShellScriptBuildPhase section */

/* Begin PBXSourcesBuildPhase section */
		72CF3A362A14B35E00C92346 /* Sources */ = {
			isa = PBXSourcesBuildPhase;
			buildActionMask = 2147483647;
			files = (
				72A95AA02A18F3B600A505FF /* DetaileInfoTableViewCell.swift in Sources */,
				72A95AC52A19294200A505FF /* Card+CoreDataClass.swift in Sources */,
				72A95A852A177A8200A505FF /* ActivityIndicatorAgent.swift in Sources */,
				72EA86742A16775F00DCF9C8 /* TransferModel.swift in Sources */,
				72CF3A7E2A14E9C200C92346 /* TransactionsListViewController.swift in Sources */,
				72A95A932A18B32000A505FF /* DetailCoordinator.swift in Sources */,
				72EA86762A167CD300DCF9C8 /* TransactionsListRouter.swift in Sources */,
				72EA865C2A1578A000DCF9C8 /* APIRouter.swift in Sources */,
				72EA867F2A168C7000DCF9C8 /* BaseTableViewCell.swift in Sources */,
				72CF3A3E2A14B35E00C92346 /* AppDelegate.swift in Sources */,
				72A95A972A18EBA200A505FF /* DetailDataModel.swift in Sources */,
				72EA86842A168EF700DCF9C8 /* UIImageViewExtension.swift in Sources */,
				72CF3A7A2A14E55C00C92346 /* MainNavigationController.swift in Sources */,
				72A95AC12A19294100A505FF /* Transfer+CoreDataProperties.swift in Sources */,
				72EA867A2A16859D00DCF9C8 /* TransfersTableViewCell.swift in Sources */,
				72EA866E2A1674F700DCF9C8 /* StringExtension.swift in Sources */,
				72A95AC32A19294200A505FF /* Card+CoreDataProperties.swift in Sources */,
				72A95ABF2A19294100A505FF /* Transfer+CoreDataClass.swift in Sources */,
				72CF3A752A14B56700C92346 /* Coordinator.swift in Sources */,
				72EA865E2A1668FF00DCF9C8 /* EncodableExtension.swift in Sources */,
				72A95A8F2A18B2D800A505FF /* DetailViewController.swift in Sources */,
				72CF3A812A14EA2700C92346 /* BaseViewController.swift in Sources */,
				72CF3A732A14B53F00C92346 /* Coordinatable.swift in Sources */,
				72A95AC92A192C2B00A505FF /* CoreDataManager.swift in Sources */,
				72CF3A842A14EB8C00C92346 /* ViewControllerExtension.swift in Sources */,
				72EA86722A16753900DCF9C8 /* TransactionsListViewModel.swift in Sources */,
				72A95AC42A19294200A505FF /* MoreInfo+CoreDataProperties.swift in Sources */,
				72A95AC02A19294100A505FF /* Person+CoreDataClass.swift in Sources */,
				72EA86672A166DF700DCF9C8 /* NetworkError.swift in Sources */,
				72CF3A772A14B5E700C92346 /* MainCoordinator.swift in Sources */,
				72CF3A482A14B35E00C92346 /* TransactionsList.xcdatamodeld in Sources */,
				72A95AC22A19294100A505FF /* MoreInfo+CoreDataClass.swift in Sources */,
				72A95A992A18EF6400A505FF /* IntExtension.swift in Sources */,
				72EA86862A16918600DCF9C8 /* UIViewExtension.swift in Sources */,
				72A95A952A18B4D700A505FF /* DetailViewModel.swift in Sources */,
				72A95A8A2A1781D800A505FF /* BoolExtension.swift in Sources */,
				72CF3A882A15183000C92346 /* TransactionsListCoordinator.swift in Sources */,
				72A95ADB2A196E0100A505FF /* BaseCollectionViewCell.swift in Sources */,
				72A95A9D2A18F29D00A505FF /* UILabelExtension.swift in Sources */,
				72A95ACC2A193DD000A505FF /* FavoriteTransfersTableViewCell.swift in Sources */,
				72EA86602A166A9C00DCF9C8 /* NetworkAgent.swift in Sources */,
				72A95AD02A193E1400A505FF /* FavoriteTransferCollectionViewCell.swift in Sources */,
				72CF3A8B2A151CE200C92346 /* ColorRefrences.swift in Sources */,
				72A95ABE2A19294100A505FF /* Person+CoreDataProperties.swift in Sources */,
			);
			runOnlyForDeploymentPostprocessing = 0;
		};
		72CF3A4F2A14B36000C92346 /* Sources */ = {
			isa = PBXSourcesBuildPhase;
			buildActionMask = 2147483647;
			files = (
				72A95A9B2A18EFD500A505FF /* IntExtensionTests.swift in Sources */,
				72A95A792A1772D100A505FF /* StringExtensionTests.swift in Sources */,
				72CF3A582A14B36100C92346 /* TransactionsListTests.swift in Sources */,
			);
			runOnlyForDeploymentPostprocessing = 0;
		};
		72CF3A592A14B36100C92346 /* Sources */ = {
			isa = PBXSourcesBuildPhase;
			buildActionMask = 2147483647;
			files = (
				72CF3A622A14B36100C92346 /* TransactionsListUITests.swift in Sources */,
				72CF3A642A14B36100C92346 /* TransactionsListUITestsLaunchTests.swift in Sources */,
			);
			runOnlyForDeploymentPostprocessing = 0;
		};
/* End PBXSourcesBuildPhase section */

/* Begin PBXTargetDependency section */
		72CF3A552A14B36000C92346 /* PBXTargetDependency */ = {
			isa = PBXTargetDependency;
			target = 72CF3A392A14B35E00C92346 /* TransactionsList */;
			targetProxy = 72CF3A542A14B36000C92346 /* PBXContainerItemProxy */;
		};
		72CF3A5F2A14B36100C92346 /* PBXTargetDependency */ = {
			isa = PBXTargetDependency;
			target = 72CF3A392A14B35E00C92346 /* TransactionsList */;
			targetProxy = 72CF3A5E2A14B36100C92346 /* PBXContainerItemProxy */;
		};
/* End PBXTargetDependency section */

/* Begin PBXVariantGroup section */
		72CF3A4B2A14B36000C92346 /* LaunchScreen.storyboard */ = {
			isa = PBXVariantGroup;
			children = (
				72CF3A4C2A14B36000C92346 /* Base */,
			);
			name = LaunchScreen.storyboard;
			sourceTree = "<group>";
		};
/* End PBXVariantGroup section */

/* Begin XCBuildConfiguration section */
		72CF3A652A14B36100C92346 /* Debug */ = {
			isa = XCBuildConfiguration;
			buildSettings = {
				ALWAYS_SEARCH_USER_PATHS = NO;
				CLANG_ANALYZER_NONNULL = YES;
				CLANG_ANALYZER_NUMBER_OBJECT_CONVERSION = YES_AGGRESSIVE;
				CLANG_CXX_LANGUAGE_STANDARD = "gnu++20";
				CLANG_ENABLE_MODULES = YES;
				CLANG_ENABLE_OBJC_ARC = YES;
				CLANG_ENABLE_OBJC_WEAK = YES;
				CLANG_WARN_BLOCK_CAPTURE_AUTORELEASING = YES;
				CLANG_WARN_BOOL_CONVERSION = YES;
				CLANG_WARN_COMMA = YES;
				CLANG_WARN_CONSTANT_CONVERSION = YES;
				CLANG_WARN_DEPRECATED_OBJC_IMPLEMENTATIONS = YES;
				CLANG_WARN_DIRECT_OBJC_ISA_USAGE = YES_ERROR;
				CLANG_WARN_DOCUMENTATION_COMMENTS = YES;
				CLANG_WARN_EMPTY_BODY = YES;
				CLANG_WARN_ENUM_CONVERSION = YES;
				CLANG_WARN_INFINITE_RECURSION = YES;
				CLANG_WARN_INT_CONVERSION = YES;
				CLANG_WARN_NON_LITERAL_NULL_CONVERSION = YES;
				CLANG_WARN_OBJC_IMPLICIT_RETAIN_SELF = YES;
				CLANG_WARN_OBJC_LITERAL_CONVERSION = YES;
				CLANG_WARN_OBJC_ROOT_CLASS = YES_ERROR;
				CLANG_WARN_QUOTED_INCLUDE_IN_FRAMEWORK_HEADER = YES;
				CLANG_WARN_RANGE_LOOP_ANALYSIS = YES;
				CLANG_WARN_STRICT_PROTOTYPES = YES;
				CLANG_WARN_SUSPICIOUS_MOVE = YES;
				CLANG_WARN_UNGUARDED_AVAILABILITY = YES_AGGRESSIVE;
				CLANG_WARN_UNREACHABLE_CODE = YES;
				CLANG_WARN__DUPLICATE_METHOD_MATCH = YES;
				COPY_PHASE_STRIP = NO;
				DEBUG_INFORMATION_FORMAT = dwarf;
				ENABLE_STRICT_OBJC_MSGSEND = YES;
				ENABLE_TESTABILITY = YES;
				GCC_C_LANGUAGE_STANDARD = gnu11;
				GCC_DYNAMIC_NO_PIC = NO;
				GCC_NO_COMMON_BLOCKS = YES;
				GCC_OPTIMIZATION_LEVEL = 0;
				GCC_PREPROCESSOR_DEFINITIONS = (
					"DEBUG=1",
					"$(inherited)",
				);
				GCC_WARN_64_TO_32_BIT_CONVERSION = YES;
				GCC_WARN_ABOUT_RETURN_TYPE = YES_ERROR;
				GCC_WARN_UNDECLARED_SELECTOR = YES;
				GCC_WARN_UNINITIALIZED_AUTOS = YES_AGGRESSIVE;
				GCC_WARN_UNUSED_FUNCTION = YES;
				GCC_WARN_UNUSED_VARIABLE = YES;
				IPHONEOS_DEPLOYMENT_TARGET = 14.0;
				MTL_ENABLE_DEBUG_INFO = INCLUDE_SOURCE;
				MTL_FAST_MATH = YES;
				ONLY_ACTIVE_ARCH = YES;
				SDKROOT = iphoneos;
				SWIFT_ACTIVE_COMPILATION_CONDITIONS = DEBUG;
				SWIFT_OPTIMIZATION_LEVEL = "-Onone";
			};
			name = Debug;
		};
		72CF3A662A14B36100C92346 /* Release */ = {
			isa = XCBuildConfiguration;
			buildSettings = {
				ALWAYS_SEARCH_USER_PATHS = NO;
				CLANG_ANALYZER_NONNULL = YES;
				CLANG_ANALYZER_NUMBER_OBJECT_CONVERSION = YES_AGGRESSIVE;
				CLANG_CXX_LANGUAGE_STANDARD = "gnu++20";
				CLANG_ENABLE_MODULES = YES;
				CLANG_ENABLE_OBJC_ARC = YES;
				CLANG_ENABLE_OBJC_WEAK = YES;
				CLANG_WARN_BLOCK_CAPTURE_AUTORELEASING = YES;
				CLANG_WARN_BOOL_CONVERSION = YES;
				CLANG_WARN_COMMA = YES;
				CLANG_WARN_CONSTANT_CONVERSION = YES;
				CLANG_WARN_DEPRECATED_OBJC_IMPLEMENTATIONS = YES;
				CLANG_WARN_DIRECT_OBJC_ISA_USAGE = YES_ERROR;
				CLANG_WARN_DOCUMENTATION_COMMENTS = YES;
				CLANG_WARN_EMPTY_BODY = YES;
				CLANG_WARN_ENUM_CONVERSION = YES;
				CLANG_WARN_INFINITE_RECURSION = YES;
				CLANG_WARN_INT_CONVERSION = YES;
				CLANG_WARN_NON_LITERAL_NULL_CONVERSION = YES;
				CLANG_WARN_OBJC_IMPLICIT_RETAIN_SELF = YES;
				CLANG_WARN_OBJC_LITERAL_CONVERSION = YES;
				CLANG_WARN_OBJC_ROOT_CLASS = YES_ERROR;
				CLANG_WARN_QUOTED_INCLUDE_IN_FRAMEWORK_HEADER = YES;
				CLANG_WARN_RANGE_LOOP_ANALYSIS = YES;
				CLANG_WARN_STRICT_PROTOTYPES = YES;
				CLANG_WARN_SUSPICIOUS_MOVE = YES;
				CLANG_WARN_UNGUARDED_AVAILABILITY = YES_AGGRESSIVE;
				CLANG_WARN_UNREACHABLE_CODE = YES;
				CLANG_WARN__DUPLICATE_METHOD_MATCH = YES;
				COPY_PHASE_STRIP = NO;
				DEBUG_INFORMATION_FORMAT = "dwarf-with-dsym";
				ENABLE_NS_ASSERTIONS = NO;
				ENABLE_STRICT_OBJC_MSGSEND = YES;
				GCC_C_LANGUAGE_STANDARD = gnu11;
				GCC_NO_COMMON_BLOCKS = YES;
				GCC_WARN_64_TO_32_BIT_CONVERSION = YES;
				GCC_WARN_ABOUT_RETURN_TYPE = YES_ERROR;
				GCC_WARN_UNDECLARED_SELECTOR = YES;
				GCC_WARN_UNINITIALIZED_AUTOS = YES_AGGRESSIVE;
				GCC_WARN_UNUSED_FUNCTION = YES;
				GCC_WARN_UNUSED_VARIABLE = YES;
				IPHONEOS_DEPLOYMENT_TARGET = 14.0;
				MTL_ENABLE_DEBUG_INFO = NO;
				MTL_FAST_MATH = YES;
				SDKROOT = iphoneos;
				SWIFT_COMPILATION_MODE = wholemodule;
				SWIFT_OPTIMIZATION_LEVEL = "-O";
				VALIDATE_PRODUCT = YES;
			};
			name = Release;
		};
		72CF3A682A14B36100C92346 /* Debug */ = {
			isa = XCBuildConfiguration;
			buildSettings = {
				ASSETCATALOG_COMPILER_APPICON_NAME = AppIcon;
				ASSETCATALOG_COMPILER_GLOBAL_ACCENT_COLOR_NAME = AccentColor;
				CODE_SIGN_STYLE = Automatic;
				CURRENT_PROJECT_VERSION = 1;
				DEVELOPMENT_TEAM = 9N424R5SGN;
				GENERATE_INFOPLIST_FILE = YES;
				INFOPLIST_FILE = TransactionsList/Resources/Info.plist;
				INFOPLIST_KEY_UIApplicationSupportsIndirectInputEvents = YES;
				INFOPLIST_KEY_UILaunchStoryboardName = LaunchScreen;
				INFOPLIST_KEY_UISupportedInterfaceOrientations_iPad = "UIInterfaceOrientationPortrait UIInterfaceOrientationPortraitUpsideDown UIInterfaceOrientationLandscapeLeft UIInterfaceOrientationLandscapeRight";
				INFOPLIST_KEY_UISupportedInterfaceOrientations_iPhone = "UIInterfaceOrientationPortrait UIInterfaceOrientationLandscapeLeft UIInterfaceOrientationLandscapeRight";
				LD_RUNPATH_SEARCH_PATHS = (
					"$(inherited)",
					"@executable_path/Frameworks",
				);
				MARKETING_VERSION = 1.0;
				PRODUCT_BUNDLE_IDENTIFIER = com.blu.TransactionsList;
				PRODUCT_NAME = "$(TARGET_NAME)";
				SWIFT_EMIT_LOC_STRINGS = YES;
				SWIFT_VERSION = 5.0;
				TARGETED_DEVICE_FAMILY = "1,2";
			};
			name = Debug;
		};
		72CF3A692A14B36100C92346 /* Release */ = {
			isa = XCBuildConfiguration;
			buildSettings = {
				ASSETCATALOG_COMPILER_APPICON_NAME = AppIcon;
				ASSETCATALOG_COMPILER_GLOBAL_ACCENT_COLOR_NAME = AccentColor;
				CODE_SIGN_STYLE = Automatic;
				CURRENT_PROJECT_VERSION = 1;
				DEVELOPMENT_TEAM = 9N424R5SGN;
				GENERATE_INFOPLIST_FILE = YES;
				INFOPLIST_FILE = TransactionsList/Resources/Info.plist;
				INFOPLIST_KEY_UIApplicationSupportsIndirectInputEvents = YES;
				INFOPLIST_KEY_UILaunchStoryboardName = LaunchScreen;
				INFOPLIST_KEY_UISupportedInterfaceOrientations_iPad = "UIInterfaceOrientationPortrait UIInterfaceOrientationPortraitUpsideDown UIInterfaceOrientationLandscapeLeft UIInterfaceOrientationLandscapeRight";
				INFOPLIST_KEY_UISupportedInterfaceOrientations_iPhone = "UIInterfaceOrientationPortrait UIInterfaceOrientationLandscapeLeft UIInterfaceOrientationLandscapeRight";
				LD_RUNPATH_SEARCH_PATHS = (
					"$(inherited)",
					"@executable_path/Frameworks",
				);
				MARKETING_VERSION = 1.0;
				PRODUCT_BUNDLE_IDENTIFIER = com.blu.TransactionsList;
				PRODUCT_NAME = "$(TARGET_NAME)";
				SWIFT_EMIT_LOC_STRINGS = YES;
				SWIFT_VERSION = 5.0;
				TARGETED_DEVICE_FAMILY = "1,2";
			};
			name = Release;
		};
		72CF3A6B2A14B36100C92346 /* Debug */ = {
			isa = XCBuildConfiguration;
			buildSettings = {
				ALWAYS_EMBED_SWIFT_STANDARD_LIBRARIES = YES;
				BUNDLE_LOADER = "$(TEST_HOST)";
				CODE_SIGN_STYLE = Automatic;
				CURRENT_PROJECT_VERSION = 1;
				GENERATE_INFOPLIST_FILE = YES;
				IPHONEOS_DEPLOYMENT_TARGET = 16.1;
				MARKETING_VERSION = 1.0;
				PRODUCT_BUNDLE_IDENTIFIER = com.blu.TransactionsListTests;
				PRODUCT_NAME = "$(TARGET_NAME)";
				SWIFT_EMIT_LOC_STRINGS = NO;
				SWIFT_VERSION = 5.0;
				TARGETED_DEVICE_FAMILY = "1,2";
				TEST_HOST = "$(BUILT_PRODUCTS_DIR)/TransactionsList.app/$(BUNDLE_EXECUTABLE_FOLDER_PATH)/TransactionsList";
			};
			name = Debug;
		};
		72CF3A6C2A14B36100C92346 /* Release */ = {
			isa = XCBuildConfiguration;
			buildSettings = {
				ALWAYS_EMBED_SWIFT_STANDARD_LIBRARIES = YES;
				BUNDLE_LOADER = "$(TEST_HOST)";
				CODE_SIGN_STYLE = Automatic;
				CURRENT_PROJECT_VERSION = 1;
				GENERATE_INFOPLIST_FILE = YES;
				IPHONEOS_DEPLOYMENT_TARGET = 16.1;
				MARKETING_VERSION = 1.0;
				PRODUCT_BUNDLE_IDENTIFIER = com.blu.TransactionsListTests;
				PRODUCT_NAME = "$(TARGET_NAME)";
				SWIFT_EMIT_LOC_STRINGS = NO;
				SWIFT_VERSION = 5.0;
				TARGETED_DEVICE_FAMILY = "1,2";
				TEST_HOST = "$(BUILT_PRODUCTS_DIR)/TransactionsList.app/$(BUNDLE_EXECUTABLE_FOLDER_PATH)/TransactionsList";
			};
			name = Release;
		};
		72CF3A6E2A14B36100C92346 /* Debug */ = {
			isa = XCBuildConfiguration;
			buildSettings = {
				ALWAYS_EMBED_SWIFT_STANDARD_LIBRARIES = YES;
				CODE_SIGN_STYLE = Automatic;
				CURRENT_PROJECT_VERSION = 1;
				GENERATE_INFOPLIST_FILE = YES;
				MARKETING_VERSION = 1.0;
				PRODUCT_BUNDLE_IDENTIFIER = com.blu.TransactionsListUITests;
				PRODUCT_NAME = "$(TARGET_NAME)";
				SWIFT_EMIT_LOC_STRINGS = NO;
				SWIFT_VERSION = 5.0;
				TARGETED_DEVICE_FAMILY = "1,2";
				TEST_TARGET_NAME = TransactionsList;
			};
			name = Debug;
		};
		72CF3A6F2A14B36100C92346 /* Release */ = {
			isa = XCBuildConfiguration;
			buildSettings = {
				ALWAYS_EMBED_SWIFT_STANDARD_LIBRARIES = YES;
				CODE_SIGN_STYLE = Automatic;
				CURRENT_PROJECT_VERSION = 1;
				GENERATE_INFOPLIST_FILE = YES;
				MARKETING_VERSION = 1.0;
				PRODUCT_BUNDLE_IDENTIFIER = com.blu.TransactionsListUITests;
				PRODUCT_NAME = "$(TARGET_NAME)";
				SWIFT_EMIT_LOC_STRINGS = NO;
				SWIFT_VERSION = 5.0;
				TARGETED_DEVICE_FAMILY = "1,2";
				TEST_TARGET_NAME = TransactionsList;
			};
			name = Release;
		};
/* End XCBuildConfiguration section */

/* Begin XCConfigurationList section */
		72CF3A352A14B35E00C92346 /* Build configuration list for PBXProject "TransactionsList" */ = {
			isa = XCConfigurationList;
			buildConfigurations = (
				72CF3A652A14B36100C92346 /* Debug */,
				72CF3A662A14B36100C92346 /* Release */,
			);
			defaultConfigurationIsVisible = 0;
			defaultConfigurationName = Release;
		};
		72CF3A672A14B36100C92346 /* Build configuration list for PBXNativeTarget "TransactionsList" */ = {
			isa = XCConfigurationList;
			buildConfigurations = (
				72CF3A682A14B36100C92346 /* Debug */,
				72CF3A692A14B36100C92346 /* Release */,
			);
			defaultConfigurationIsVisible = 0;
			defaultConfigurationName = Release;
		};
		72CF3A6A2A14B36100C92346 /* Build configuration list for PBXNativeTarget "TransactionsListTests" */ = {
			isa = XCConfigurationList;
			buildConfigurations = (
				72CF3A6B2A14B36100C92346 /* Debug */,
				72CF3A6C2A14B36100C92346 /* Release */,
			);
			defaultConfigurationIsVisible = 0;
			defaultConfigurationName = Release;
		};
		72CF3A6D2A14B36100C92346 /* Build configuration list for PBXNativeTarget "TransactionsListUITests" */ = {
			isa = XCConfigurationList;
			buildConfigurations = (
				72CF3A6E2A14B36100C92346 /* Debug */,
				72CF3A6F2A14B36100C92346 /* Release */,
			);
			defaultConfigurationIsVisible = 0;
			defaultConfigurationName = Release;
		};
/* End XCConfigurationList section */

/* Begin XCRemoteSwiftPackageReference section */
		72A95A862A177CA900A505FF /* XCRemoteSwiftPackageReference "SnapKit" */ = {
			isa = XCRemoteSwiftPackageReference;
			repositoryURL = "https://github.com/SnapKit/SnapKit.git";
			requirement = {
				kind = upToNextMajorVersion;
				minimumVersion = 5.0.0;
			};
		};
		72A95AD62A195F6C00A505FF /* XCRemoteSwiftPackageReference "RxDataSources" */ = {
			isa = XCRemoteSwiftPackageReference;
			repositoryURL = "https://github.com/RxSwiftCommunity/RxDataSources.git";
			requirement = {
				kind = upToNextMajorVersion;
				minimumVersion = 5.0.0;
			};
		};
		72EA86612A166B4D00DCF9C8 /* XCRemoteSwiftPackageReference "RxSwift" */ = {
			isa = XCRemoteSwiftPackageReference;
			repositoryURL = "https://github.com/ReactiveX/RxSwift.git";
			requirement = {
				branch = main;
				kind = branch;
			};
		};
		72EA86682A16711500DCF9C8 /* XCRemoteSwiftPackageReference "Resolver" */ = {
			isa = XCRemoteSwiftPackageReference;
			repositoryURL = "https://github.com/hmlongco/Resolver.git";
			requirement = {
				kind = upToNextMajorVersion;
				minimumVersion = 1.0.0;
			};
		};
		72EA86802A168D7700DCF9C8 /* XCRemoteSwiftPackageReference "Kingfisher" */ = {
			isa = XCRemoteSwiftPackageReference;
			repositoryURL = "https://github.com/onevcat/Kingfisher.git";
			requirement = {
				branch = master;
				kind = branch;
			};
		};
/* End XCRemoteSwiftPackageReference section */

/* Begin XCSwiftPackageProductDependency section */
		72A95A7B2A17748100A505FF /* RxSwift */ = {
			isa = XCSwiftPackageProductDependency;
			package = 72EA86612A166B4D00DCF9C8 /* XCRemoteSwiftPackageReference "RxSwift" */;
			productName = RxSwift;
		};
		72A95A7D2A17748500A505FF /* RxCocoa */ = {
			isa = XCSwiftPackageProductDependency;
			package = 72EA86612A166B4D00DCF9C8 /* XCRemoteSwiftPackageReference "RxSwift" */;
			productName = RxCocoa;
		};
		72A95A7F2A17748A00A505FF /* Resolver */ = {
			isa = XCSwiftPackageProductDependency;
			package = 72EA86682A16711500DCF9C8 /* XCRemoteSwiftPackageReference "Resolver" */;
			productName = Resolver;
		};
		72A95A872A177CA900A505FF /* SnapKit */ = {
			isa = XCSwiftPackageProductDependency;
			package = 72A95A862A177CA900A505FF /* XCRemoteSwiftPackageReference "SnapKit" */;
			productName = SnapKit;
		};
		72A95AD72A195F6C00A505FF /* RxDataSources */ = {
			isa = XCSwiftPackageProductDependency;
			package = 72A95AD62A195F6C00A505FF /* XCRemoteSwiftPackageReference "RxDataSources" */;
			productName = RxDataSources;
		};
		72EA86622A166B4D00DCF9C8 /* RxCocoa */ = {
			isa = XCSwiftPackageProductDependency;
			package = 72EA86612A166B4D00DCF9C8 /* XCRemoteSwiftPackageReference "RxSwift" */;
			productName = RxCocoa;
		};
		72EA86642A166B4D00DCF9C8 /* RxSwift */ = {
			isa = XCSwiftPackageProductDependency;
			package = 72EA86612A166B4D00DCF9C8 /* XCRemoteSwiftPackageReference "RxSwift" */;
			productName = RxSwift;
		};
		72EA86692A16711500DCF9C8 /* Resolver */ = {
			isa = XCSwiftPackageProductDependency;
			package = 72EA86682A16711500DCF9C8 /* XCRemoteSwiftPackageReference "Resolver" */;
			productName = Resolver;
		};
		72EA86812A168D7700DCF9C8 /* Kingfisher */ = {
			isa = XCSwiftPackageProductDependency;
			package = 72EA86802A168D7700DCF9C8 /* XCRemoteSwiftPackageReference "Kingfisher" */;
			productName = Kingfisher;
		};
/* End XCSwiftPackageProductDependency section */

/* Begin XCVersionGroup section */
		72CF3A462A14B35E00C92346 /* TransactionsList.xcdatamodeld */ = {
			isa = XCVersionGroup;
			children = (
				72CF3A472A14B35E00C92346 /* TransactionsList.xcdatamodel */,
			);
			currentVersion = 72CF3A472A14B35E00C92346 /* TransactionsList.xcdatamodel */;
			path = TransactionsList.xcdatamodeld;
			sourceTree = "<group>";
			versionGroupType = wrapper.xcdatamodel;
		};
/* End XCVersionGroup section */
	};
	rootObject = 72CF3A322A14B35E00C92346 /* Project object */;
}
