// !$*UTF8*$!
{
	archiveVersion = 1;
	classes = {
	};
	objectVersion = 56;
	objects = {

/* Begin PBXBuildFile section */
		72CF3A3E2A14B35E00C92346 /* AppDelegate.swift in Sources */ = {isa = PBXBuildFile; fileRef = 72CF3A3D2A14B35E00C92346 /* AppDelegate.swift */; };
		72CF3A402A14B35E00C92346 /* SceneDelegate.swift in Sources */ = {isa = PBXBuildFile; fileRef = 72CF3A3F2A14B35E00C92346 /* SceneDelegate.swift */; };
		72CF3A422A14B35E00C92346 /* ViewController.swift in Sources */ = {isa = PBXBuildFile; fileRef = 72CF3A412A14B35E00C92346 /* ViewController.swift */; };
		72CF3A452A14B35E00C92346 /* Main.storyboard in Resources */ = {isa = PBXBuildFile; fileRef = 72CF3A432A14B35E00C92346 /* Main.storyboard */; };
		72CF3A482A14B35E00C92346 /* TransactionsList.xcdatamodeld in Sources */ = {isa = PBXBuildFile; fileRef = 72CF3A462A14B35E00C92346 /* TransactionsList.xcdatamodeld */; };
		72CF3A4A2A14B36000C92346 /* Assets.xcassets in Resources */ = {isa = PBXBuildFile; fileRef = 72CF3A492A14B36000C92346 /* Assets.xcassets */; };
		72CF3A4D2A14B36000C92346 /* LaunchScreen.storyboard in Resources */ = {isa = PBXBuildFile; fileRef = 72CF3A4B2A14B36000C92346 /* LaunchScreen.storyboard */; };
		72CF3A582A14B36100C92346 /* TransactionsListTests.swift in Sources */ = {isa = PBXBuildFile; fileRef = 72CF3A572A14B36100C92346 /* TransactionsListTests.swift */; };
		72CF3A622A14B36100C92346 /* TransactionsListUITests.swift in Sources */ = {isa = PBXBuildFile; fileRef = 72CF3A612A14B36100C92346 /* TransactionsListUITests.swift */; };
		72CF3A642A14B36100C92346 /* TransactionsListUITestsLaunchTests.swift in Sources */ = {isa = PBXBuildFile; fileRef = 72CF3A632A14B36100C92346 /* TransactionsListUITestsLaunchTests.swift */; };
/* End PBXBuildFile section */

/* Begin PBXContainerItemProxy section */
		72CF3A542A14B36000C92346 /* PBXContainerItemProxy */ = {
			isa = PBXContainerItemProxy;
			containerPortal = 72CF3A322A14B35E00C92346 /* Project object */;
			proxyType = 1;
			remoteGlobalIDString = 72CF3A392A14B35E00C92346;
			remoteInfo = TransactionsList;
		};
		72CF3A5E2A14B36100C92346 /* PBXContainerItemProxy */ = {
			isa = PBXContainerItemProxy;
			containerPortal = 72CF3A322A14B35E00C92346 /* Project object */;
			proxyType = 1;
			remoteGlobalIDString = 72CF3A392A14B35E00C92346;
			remoteInfo = TransactionsList;
		};
/* End PBXContainerItemProxy section */

/* Begin PBXFileReference section */
		72CF3A3A2A14B35E00C92346 /* TransactionsList.app */ = {isa = PBXFileReference; explicitFileType = wrapper.application; includeInIndex = 0; path = TransactionsList.app; sourceTree = BUILT_PRODUCTS_DIR; };
		72CF3A3D2A14B35E00C92346 /* AppDelegate.swift */ = {isa = PBXFileReference; lastKnownFileType = sourcecode.swift; path = AppDelegate.swift; sourceTree = "<group>"; };
		72CF3A3F2A14B35E00C92346 /* SceneDelegate.swift */ = {isa = PBXFileReference; lastKnownFileType = sourcecode.swift; path = SceneDelegate.swift; sourceTree = "<group>"; };
		72CF3A412A14B35E00C92346 /* ViewController.swift */ = {isa = PBXFileReference; lastKnownFileType = sourcecode.swift; path = ViewController.swift; sourceTree = "<group>"; };
		72CF3A442A14B35E00C92346 /* Base */ = {isa = PBXFileReference; lastKnownFileType = file.storyboard; name = Base; path = Base.lproj/Main.storyboard; sourceTree = "<group>"; };
		72CF3A472A14B35E00C92346 /* TransactionsList.xcdatamodel */ = {isa = PBXFileReference; lastKnownFileType = wrapper.xcdatamodel; path = TransactionsList.xcdatamodel; sourceTree = "<group>"; };
		72CF3A492A14B36000C92346 /* Assets.xcassets */ = {isa = PBXFileReference; lastKnownFileType = folder.assetcatalog; path = Assets.xcassets; sourceTree = "<group>"; };
		72CF3A4C2A14B36000C92346 /* Base */ = {isa = PBXFileReference; lastKnownFileType = file.storyboard; name = Base; path = Base.lproj/LaunchScreen.storyboard; sourceTree = "<group>"; };
		72CF3A4E2A14B36000C92346 /* Info.plist */ = {isa = PBXFileReference; lastKnownFileType = text.plist.xml; path = Info.plist; sourceTree = "<group>"; };
		72CF3A532A14B36000C92346 /* TransactionsListTests.xctest */ = {isa = PBXFileReference; explicitFileType = wrapper.cfbundle; includeInIndex = 0; path = TransactionsListTests.xctest; sourceTree = BUILT_PRODUCTS_DIR; };
		72CF3A572A14B36100C92346 /* TransactionsListTests.swift */ = {isa = PBXFileReference; lastKnownFileType = sourcecode.swift; path = TransactionsListTests.swift; sourceTree = "<group>"; };
		72CF3A5D2A14B36100C92346 /* TransactionsListUITests.xctest */ = {isa = PBXFileReference; explicitFileType = wrapper.cfbundle; includeInIndex = 0; path = TransactionsListUITests.xctest; sourceTree = BUILT_PRODUCTS_DIR; };
		72CF3A612A14B36100C92346 /* TransactionsListUITests.swift */ = {isa = PBXFileReference; lastKnownFileType = sourcecode.swift; path = TransactionsListUITests.swift; sourceTree = "<group>"; };
		72CF3A632A14B36100C92346 /* TransactionsListUITestsLaunchTests.swift */ = {isa = PBXFileReference; lastKnownFileType = sourcecode.swift; path = TransactionsListUITestsLaunchTests.swift; sourceTree = "<group>"; };
/* End PBXFileReference section */

/* Begin PBXFrameworksBuildPhase section */
		72CF3A372A14B35E00C92346 /* Frameworks */ = {
			isa = PBXFrameworksBuildPhase;
			buildActionMask = 2147483647;
			files = (
			);
			runOnlyForDeploymentPostprocessing = 0;
		};
		72CF3A502A14B36000C92346 /* Frameworks */ = {
			isa = PBXFrameworksBuildPhase;
			buildActionMask = 2147483647;
			files = (
			);
			runOnlyForDeploymentPostprocessing = 0;
		};
		72CF3A5A2A14B36100C92346 /* Frameworks */ = {
			isa = PBXFrameworksBuildPhase;
			buildActionMask = 2147483647;
			files = (
			);
			runOnlyForDeploymentPostprocessing = 0;
		};
/* End PBXFrameworksBuildPhase section */

/* Begin PBXGroup section */
		72CF3A312A14B35E00C92346 = {
			isa = PBXGroup;
			children = (
				72CF3A3C2A14B35E00C92346 /* TransactionsList */,
				72CF3A562A14B36100C92346 /* TransactionsListTests */,
				72CF3A602A14B36100C92346 /* TransactionsListUITests */,
				72CF3A3B2A14B35E00C92346 /* Products */,
			);
			sourceTree = "<group>";
		};
		72CF3A3B2A14B35E00C92346 /* Products */ = {
			isa = PBXGroup;
			children = (
				72CF3A3A2A14B35E00C92346 /* TransactionsList.app */,
				72CF3A532A14B36000C92346 /* TransactionsListTests.xctest */,
				72CF3A5D2A14B36100C92346 /* TransactionsListUITests.xctest */,
			);
			name = Products;
			sourceTree = "<group>";
		};
		72CF3A3C2A14B35E00C92346 /* TransactionsList */ = {
			isa = PBXGroup;
			children = (
				72CF3A3D2A14B35E00C92346 /* AppDelegate.swift */,
				72CF3A3F2A14B35E00C92346 /* SceneDelegate.swift */,
				72CF3A412A14B35E00C92346 /* ViewController.swift */,
				72CF3A432A14B35E00C92346 /* Main.storyboard */,
				72CF3A492A14B36000C92346 /* Assets.xcassets */,
				72CF3A4B2A14B36000C92346 /* LaunchScreen.storyboard */,
				72CF3A4E2A14B36000C92346 /* Info.plist */,
				72CF3A462A14B35E00C92346 /* TransactionsList.xcdatamodeld */,
			);
			path = TransactionsList;
			sourceTree = "<group>";
		};
		72CF3A562A14B36100C92346 /* TransactionsListTests */ = {
			isa = PBXGroup;
			children = (
				72CF3A572A14B36100C92346 /* TransactionsListTests.swift */,
			);
			path = TransactionsListTests;
			sourceTree = "<group>";
		};
		72CF3A602A14B36100C92346 /* TransactionsListUITests */ = {
			isa = PBXGroup;
			children = (
				72CF3A612A14B36100C92346 /* TransactionsListUITests.swift */,
				72CF3A632A14B36100C92346 /* TransactionsListUITestsLaunchTests.swift */,
			);
			path = TransactionsListUITests;
			sourceTree = "<group>";
		};
/* End PBXGroup section */

/* Begin PBXNativeTarget section */
		72CF3A392A14B35E00C92346 /* TransactionsList */ = {
			isa = PBXNativeTarget;
			buildConfigurationList = 72CF3A672A14B36100C92346 /* Build configuration list for PBXNativeTarget "TransactionsList" */;
			buildPhases = (
				72CF3A362A14B35E00C92346 /* Sources */,
				72CF3A372A14B35E00C92346 /* Frameworks */,
				72CF3A382A14B35E00C92346 /* Resources */,
			);
			buildRules = (
			);
			dependencies = (
			);
			name = TransactionsList;
			productName = TransactionsList;
			productReference = 72CF3A3A2A14B35E00C92346 /* TransactionsList.app */;
			productType = "com.apple.product-type.application";
		};
		72CF3A522A14B36000C92346 /* TransactionsListTests */ = {
			isa = PBXNativeTarget;
			buildConfigurationList = 72CF3A6A2A14B36100C92346 /* Build configuration list for PBXNativeTarget "TransactionsListTests" */;
			buildPhases = (
				72CF3A4F2A14B36000C92346 /* Sources */,
				72CF3A502A14B36000C92346 /* Frameworks */,
				72CF3A512A14B36000C92346 /* Resources */,
			);
			buildRules = (
			);
			dependencies = (
				72CF3A552A14B36000C92346 /* PBXTargetDependency */,
			);
			name = TransactionsListTests;
			productName = TransactionsListTests;
			productReference = 72CF3A532A14B36000C92346 /* TransactionsListTests.xctest */;
			productType = "com.apple.product-type.bundle.unit-test";
		};
		72CF3A5C2A14B36100C92346 /* TransactionsListUITests */ = {
			isa = PBXNativeTarget;
			buildConfigurationList = 72CF3A6D2A14B36100C92346 /* Build configuration list for PBXNativeTarget "TransactionsListUITests" */;
			buildPhases = (
				72CF3A592A14B36100C92346 /* Sources */,
				72CF3A5A2A14B36100C92346 /* Frameworks */,
				72CF3A5B2A14B36100C92346 /* Resources */,
			);
			buildRules = (
			);
			dependencies = (
				72CF3A5F2A14B36100C92346 /* PBXTargetDependency */,
			);
			name = TransactionsListUITests;
			productName = TransactionsListUITests;
			productReference = 72CF3A5D2A14B36100C92346 /* TransactionsListUITests.xctest */;
			productType = "com.apple.product-type.bundle.ui-testing";
		};
/* End PBXNativeTarget section */

/* Begin PBXProject section */
		72CF3A322A14B35E00C92346 /* Project object */ = {
			isa = PBXProject;
			attributes = {
				BuildIndependentTargetsInParallel = 1;
				LastSwiftUpdateCheck = 1410;
				LastUpgradeCheck = 1410;
				TargetAttributes = {
					72CF3A392A14B35E00C92346 = {
						CreatedOnToolsVersion = 14.1;
					};
					72CF3A522A14B36000C92346 = {
						CreatedOnToolsVersion = 14.1;
						TestTargetID = 72CF3A392A14B35E00C92346;
					};
					72CF3A5C2A14B36100C92346 = {
						CreatedOnToolsVersion = 14.1;
						TestTargetID = 72CF3A392A14B35E00C92346;
					};
				};
			};
			buildConfigurationList = 72CF3A352A14B35E00C92346 /* Build configuration list for PBXProject "TransactionsList" */;
			compatibilityVersion = "Xcode 14.0";
			developmentRegion = en;
			hasScannedForEncodings = 0;
			knownRegions = (
				en,
				Base,
			);
			mainGroup = 72CF3A312A14B35E00C92346;
			productRefGroup = 72CF3A3B2A14B35E00C92346 /* Products */;
			projectDirPath = "";
			projectRoot = "";
			targets = (
				72CF3A392A14B35E00C92346 /* TransactionsList */,
				72CF3A522A14B36000C92346 /* TransactionsListTests */,
				72CF3A5C2A14B36100C92346 /* TransactionsListUITests */,
			);
		};
/* End PBXProject section */

/* Begin PBXResourcesBuildPhase section */
		72CF3A382A14B35E00C92346 /* Resources */ = {
			isa = PBXResourcesBuildPhase;
			buildActionMask = 2147483647;
			files = (
				72CF3A4D2A14B36000C92346 /* LaunchScreen.storyboard in Resources */,
				72CF3A4A2A14B36000C92346 /* Assets.xcassets in Resources */,
				72CF3A452A14B35E00C92346 /* Main.storyboard in Resources */,
			);
			runOnlyForDeploymentPostprocessing = 0;
		};
		72CF3A512A14B36000C92346 /* Resources */ = {
			isa = PBXResourcesBuildPhase;
			buildActionMask = 2147483647;
			files = (
			);
			runOnlyForDeploymentPostprocessing = 0;
		};
		72CF3A5B2A14B36100C92346 /* Resources */ = {
			isa = PBXResourcesBuildPhase;
			buildActionMask = 2147483647;
			files = (
			);
			runOnlyForDeploymentPostprocessing = 0;
		};
/* End PBXResourcesBuildPhase section */

/* Begin PBXSourcesBuildPhase section */
		72CF3A362A14B35E00C92346 /* Sources */ = {
			isa = PBXSourcesBuildPhase;
			buildActionMask = 2147483647;
			files = (
				72CF3A422A14B35E00C92346 /* ViewController.swift in Sources */,
				72CF3A3E2A14B35E00C92346 /* AppDelegate.swift in Sources */,
				72CF3A482A14B35E00C92346 /* TransactionsList.xcdatamodeld in Sources */,
				72CF3A402A14B35E00C92346 /* SceneDelegate.swift in Sources */,
			);
			runOnlyForDeploymentPostprocessing = 0;
		};
		72CF3A4F2A14B36000C92346 /* Sources */ = {
			isa = PBXSourcesBuildPhase;
			buildActionMask = 2147483647;
			files = (
				72CF3A582A14B36100C92346 /* TransactionsListTests.swift in Sources */,
			);
			runOnlyForDeploymentPostprocessing = 0;
		};
		72CF3A592A14B36100C92346 /* Sources */ = {
			isa = PBXSourcesBuildPhase;
			buildActionMask = 2147483647;
			files = (
				72CF3A622A14B36100C92346 /* TransactionsListUITests.swift in Sources */,
				72CF3A642A14B36100C92346 /* TransactionsListUITestsLaunchTests.swift in Sources */,
			);
			runOnlyForDeploymentPostprocessing = 0;
		};
/* End PBXSourcesBuildPhase section */

/* Begin PBXTargetDependency section */
		72CF3A552A14B36000C92346 /* PBXTargetDependency */ = {
			isa = PBXTargetDependency;
			target = 72CF3A392A14B35E00C92346 /* TransactionsList */;
			targetProxy = 72CF3A542A14B36000C92346 /* PBXContainerItemProxy */;
		};
		72CF3A5F2A14B36100C92346 /* PBXTargetDependency */ = {
			isa = PBXTargetDependency;
			target = 72CF3A392A14B35E00C92346 /* TransactionsList */;
			targetProxy = 72CF3A5E2A14B36100C92346 /* PBXContainerItemProxy */;
		};
/* End PBXTargetDependency section */

/* Begin PBXVariantGroup section */
		72CF3A432A14B35E00C92346 /* Main.storyboard */ = {
			isa = PBXVariantGroup;
			children = (
				72CF3A442A14B35E00C92346 /* Base */,
			);
			name = Main.storyboard;
			sourceTree = "<group>";
		};
		72CF3A4B2A14B36000C92346 /* LaunchScreen.storyboard */ = {
			isa = PBXVariantGroup;
			children = (
				72CF3A4C2A14B36000C92346 /* Base */,
			);
			name = LaunchScreen.storyboard;
			sourceTree = "<group>";
		};
/* End PBXVariantGroup section */

/* Begin XCBuildConfiguration section */
		72CF3A652A14B36100C92346 /* Debug */ = {
			isa = XCBuildConfiguration;
			buildSettings = {
				ALWAYS_SEARCH_USER_PATHS = NO;
				CLANG_ANALYZER_NONNULL = YES;
				CLANG_ANALYZER_NUMBER_OBJECT_CONVERSION = YES_AGGRESSIVE;
				CLANG_CXX_LANGUAGE_STANDARD = "gnu++20";
				CLANG_ENABLE_MODULES = YES;
				CLANG_ENABLE_OBJC_ARC = YES;
				CLANG_ENABLE_OBJC_WEAK = YES;
				CLANG_WARN_BLOCK_CAPTURE_AUTORELEASING = YES;
				CLANG_WARN_BOOL_CONVERSION = YES;
				CLANG_WARN_COMMA = YES;
				CLANG_WARN_CONSTANT_CONVERSION = YES;
				CLANG_WARN_DEPRECATED_OBJC_IMPLEMENTATIONS = YES;
				CLANG_WARN_DIRECT_OBJC_ISA_USAGE = YES_ERROR;
				CLANG_WARN_DOCUMENTATION_COMMENTS = YES;
				CLANG_WARN_EMPTY_BODY = YES;
				CLANG_WARN_ENUM_CONVERSION = YES;
				CLANG_WARN_INFINITE_RECURSION = YES;
				CLANG_WARN_INT_CONVERSION = YES;
				CLANG_WARN_NON_LITERAL_NULL_CONVERSION = YES;
				CLANG_WARN_OBJC_IMPLICIT_RETAIN_SELF = YES;
				CLANG_WARN_OBJC_LITERAL_CONVERSION = YES;
				CLANG_WARN_OBJC_ROOT_CLASS = YES_ERROR;
				CLANG_WARN_QUOTED_INCLUDE_IN_FRAMEWORK_HEADER = YES;
				CLANG_WARN_RANGE_LOOP_ANALYSIS = YES;
				CLANG_WARN_STRICT_PROTOTYPES = YES;
				CLANG_WARN_SUSPICIOUS_MOVE = YES;
				CLANG_WARN_UNGUARDED_AVAILABILITY = YES_AGGRESSIVE;
				CLANG_WARN_UNREACHABLE_CODE = YES;
				CLANG_WARN__DUPLICATE_METHOD_MATCH = YES;
				COPY_PHASE_STRIP = NO;
				DEBUG_INFORMATION_FORMAT = dwarf;
				ENABLE_STRICT_OBJC_MSGSEND = YES;
				ENABLE_TESTABILITY = YES;
				GCC_C_LANGUAGE_STANDARD = gnu11;
				GCC_DYNAMIC_NO_PIC = NO;
				GCC_NO_COMMON_BLOCKS = YES;
				GCC_OPTIMIZATION_LEVEL = 0;
				GCC_PREPROCESSOR_DEFINITIONS = (
					"DEBUG=1",
					"$(inherited)",
				);
				GCC_WARN_64_TO_32_BIT_CONVERSION = YES;
				GCC_WARN_ABOUT_RETURN_TYPE = YES_ERROR;
				GCC_WARN_UNDECLARED_SELECTOR = YES;
				GCC_WARN_UNINITIALIZED_AUTOS = YES_AGGRESSIVE;
				GCC_WARN_UNUSED_FUNCTION = YES;
				GCC_WARN_UNUSED_VARIABLE = YES;
				IPHONEOS_DEPLOYMENT_TARGET = 16.1;
				MTL_ENABLE_DEBUG_INFO = INCLUDE_SOURCE;
				MTL_FAST_MATH = YES;
				ONLY_ACTIVE_ARCH = YES;
				SDKROOT = iphoneos;
				SWIFT_ACTIVE_COMPILATION_CONDITIONS = DEBUG;
				SWIFT_OPTIMIZATION_LEVEL = "-Onone";
			};
			name = Debug;
		};
		72CF3A662A14B36100C92346 /* Release */ = {
			isa = XCBuildConfiguration;
			buildSettings = {
				ALWAYS_SEARCH_USER_PATHS = NO;
				CLANG_ANALYZER_NONNULL = YES;
				CLANG_ANALYZER_NUMBER_OBJECT_CONVERSION = YES_AGGRESSIVE;
				CLANG_CXX_LANGUAGE_STANDARD = "gnu++20";
				CLANG_ENABLE_MODULES = YES;
				CLANG_ENABLE_OBJC_ARC = YES;
				CLANG_ENABLE_OBJC_WEAK = YES;
				CLANG_WARN_BLOCK_CAPTURE_AUTORELEASING = YES;
				CLANG_WARN_BOOL_CONVERSION = YES;
				CLANG_WARN_COMMA = YES;
				CLANG_WARN_CONSTANT_CONVERSION = YES;
				CLANG_WARN_DEPRECATED_OBJC_IMPLEMENTATIONS = YES;
				CLANG_WARN_DIRECT_OBJC_ISA_USAGE = YES_ERROR;
				CLANG_WARN_DOCUMENTATION_COMMENTS = YES;
				CLANG_WARN_EMPTY_BODY = YES;
				CLANG_WARN_ENUM_CONVERSION = YES;
				CLANG_WARN_INFINITE_RECURSION = YES;
				CLANG_WARN_INT_CONVERSION = YES;
				CLANG_WARN_NON_LITERAL_NULL_CONVERSION = YES;
				CLANG_WARN_OBJC_IMPLICIT_RETAIN_SELF = YES;
				CLANG_WARN_OBJC_LITERAL_CONVERSION = YES;
				CLANG_WARN_OBJC_ROOT_CLASS = YES_ERROR;
				CLANG_WARN_QUOTED_INCLUDE_IN_FRAMEWORK_HEADER = YES;
				CLANG_WARN_RANGE_LOOP_ANALYSIS = YES;
				CLANG_WARN_STRICT_PROTOTYPES = YES;
				CLANG_WARN_SUSPICIOUS_MOVE = YES;
				CLANG_WARN_UNGUARDED_AVAILABILITY = YES_AGGRESSIVE;
				CLANG_WARN_UNREACHABLE_CODE = YES;
				CLANG_WARN__DUPLICATE_METHOD_MATCH = YES;
				COPY_PHASE_STRIP = NO;
				DEBUG_INFORMATION_FORMAT = "dwarf-with-dsym";
				ENABLE_NS_ASSERTIONS = NO;
				ENABLE_STRICT_OBJC_MSGSEND = YES;
				GCC_C_LANGUAGE_STANDARD = gnu11;
				GCC_NO_COMMON_BLOCKS = YES;
				GCC_WARN_64_TO_32_BIT_CONVERSION = YES;
				GCC_WARN_ABOUT_RETURN_TYPE = YES_ERROR;
				GCC_WARN_UNDECLARED_SELECTOR = YES;
				GCC_WARN_UNINITIALIZED_AUTOS = YES_AGGRESSIVE;
				GCC_WARN_UNUSED_FUNCTION = YES;
				GCC_WARN_UNUSED_VARIABLE = YES;
				IPHONEOS_DEPLOYMENT_TARGET = 16.1;
				MTL_ENABLE_DEBUG_INFO = NO;
				MTL_FAST_MATH = YES;
				SDKROOT = iphoneos;
				SWIFT_COMPILATION_MODE = wholemodule;
				SWIFT_OPTIMIZATION_LEVEL = "-O";
				VALIDATE_PRODUCT = YES;
			};
			name = Release;
		};
		72CF3A682A14B36100C92346 /* Debug */ = {
			isa = XCBuildConfiguration;
			buildSettings = {
				ASSETCATALOG_COMPILER_APPICON_NAME = AppIcon;
				ASSETCATALOG_COMPILER_GLOBAL_ACCENT_COLOR_NAME = AccentColor;
				CODE_SIGN_STYLE = Automatic;
				CURRENT_PROJECT_VERSION = 1;
				GENERATE_INFOPLIST_FILE = YES;
				INFOPLIST_FILE = TransactionsList/Info.plist;
				INFOPLIST_KEY_UIApplicationSupportsIndirectInputEvents = YES;
				INFOPLIST_KEY_UILaunchStoryboardName = LaunchScreen;
				INFOPLIST_KEY_UIMainStoryboardFile = Main;
				INFOPLIST_KEY_UISupportedInterfaceOrientations_iPad = "UIInterfaceOrientationPortrait UIInterfaceOrientationPortraitUpsideDown UIInterfaceOrientationLandscapeLeft UIInterfaceOrientationLandscapeRight";
				INFOPLIST_KEY_UISupportedInterfaceOrientations_iPhone = "UIInterfaceOrientationPortrait UIInterfaceOrientationLandscapeLeft UIInterfaceOrientationLandscapeRight";
				LD_RUNPATH_SEARCH_PATHS = (
					"$(inherited)",
					"@executable_path/Frameworks",
				);
				MARKETING_VERSION = 1.0;
				PRODUCT_BUNDLE_IDENTIFIER = com.blu.TransactionsList;
				PRODUCT_NAME = "$(TARGET_NAME)";
				SWIFT_EMIT_LOC_STRINGS = YES;
				SWIFT_VERSION = 5.0;
				TARGETED_DEVICE_FAMILY = "1,2";
			};
			name = Debug;
		};
		72CF3A692A14B36100C92346 /* Release */ = {
			isa = XCBuildConfiguration;
			buildSettings = {
				ASSETCATALOG_COMPILER_APPICON_NAME = AppIcon;
				ASSETCATALOG_COMPILER_GLOBAL_ACCENT_COLOR_NAME = AccentColor;
				CODE_SIGN_STYLE = Automatic;
				CURRENT_PROJECT_VERSION = 1;
				GENERATE_INFOPLIST_FILE = YES;
				INFOPLIST_FILE = TransactionsList/Info.plist;
				INFOPLIST_KEY_UIApplicationSupportsIndirectInputEvents = YES;
				INFOPLIST_KEY_UILaunchStoryboardName = LaunchScreen;
				INFOPLIST_KEY_UIMainStoryboardFile = Main;
				INFOPLIST_KEY_UISupportedInterfaceOrientations_iPad = "UIInterfaceOrientationPortrait UIInterfaceOrientationPortraitUpsideDown UIInterfaceOrientationLandscapeLeft UIInterfaceOrientationLandscapeRight";
				INFOPLIST_KEY_UISupportedInterfaceOrientations_iPhone = "UIInterfaceOrientationPortrait UIInterfaceOrientationLandscapeLeft UIInterfaceOrientationLandscapeRight";
				LD_RUNPATH_SEARCH_PATHS = (
					"$(inherited)",
					"@executable_path/Frameworks",
				);
				MARKETING_VERSION = 1.0;
				PRODUCT_BUNDLE_IDENTIFIER = com.blu.TransactionsList;
				PRODUCT_NAME = "$(TARGET_NAME)";
				SWIFT_EMIT_LOC_STRINGS = YES;
				SWIFT_VERSION = 5.0;
				TARGETED_DEVICE_FAMILY = "1,2";
			};
			name = Release;
		};
		72CF3A6B2A14B36100C92346 /* Debug */ = {
			isa = XCBuildConfiguration;
			buildSettings = {
				ALWAYS_EMBED_SWIFT_STANDARD_LIBRARIES = YES;
				BUNDLE_LOADER = "$(TEST_HOST)";
				CODE_SIGN_STYLE = Automatic;
				CURRENT_PROJECT_VERSION = 1;
				GENERATE_INFOPLIST_FILE = YES;
				IPHONEOS_DEPLOYMENT_TARGET = 16.1;
				MARKETING_VERSION = 1.0;
				PRODUCT_BUNDLE_IDENTIFIER = com.blu.TransactionsListTests;
				PRODUCT_NAME = "$(TARGET_NAME)";
				SWIFT_EMIT_LOC_STRINGS = NO;
				SWIFT_VERSION = 5.0;
				TARGETED_DEVICE_FAMILY = "1,2";
				TEST_HOST = "$(BUILT_PRODUCTS_DIR)/TransactionsList.app/$(BUNDLE_EXECUTABLE_FOLDER_PATH)/TransactionsList";
			};
			name = Debug;
		};
		72CF3A6C2A14B36100C92346 /* Release */ = {
			isa = XCBuildConfiguration;
			buildSettings = {
				ALWAYS_EMBED_SWIFT_STANDARD_LIBRARIES = YES;
				BUNDLE_LOADER = "$(TEST_HOST)";
				CODE_SIGN_STYLE = Automatic;
				CURRENT_PROJECT_VERSION = 1;
				GENERATE_INFOPLIST_FILE = YES;
				IPHONEOS_DEPLOYMENT_TARGET = 16.1;
				MARKETING_VERSION = 1.0;
				PRODUCT_BUNDLE_IDENTIFIER = com.blu.TransactionsListTests;
				PRODUCT_NAME = "$(TARGET_NAME)";
				SWIFT_EMIT_LOC_STRINGS = NO;
				SWIFT_VERSION = 5.0;
				TARGETED_DEVICE_FAMILY = "1,2";
				TEST_HOST = "$(BUILT_PRODUCTS_DIR)/TransactionsList.app/$(BUNDLE_EXECUTABLE_FOLDER_PATH)/TransactionsList";
			};
			name = Release;
		};
		72CF3A6E2A14B36100C92346 /* Debug */ = {
			isa = XCBuildConfiguration;
			buildSettings = {
				ALWAYS_EMBED_SWIFT_STANDARD_LIBRARIES = YES;
				CODE_SIGN_STYLE = Automatic;
				CURRENT_PROJECT_VERSION = 1;
				GENERATE_INFOPLIST_FILE = YES;
				MARKETING_VERSION = 1.0;
				PRODUCT_BUNDLE_IDENTIFIER = com.blu.TransactionsListUITests;
				PRODUCT_NAME = "$(TARGET_NAME)";
				SWIFT_EMIT_LOC_STRINGS = NO;
				SWIFT_VERSION = 5.0;
				TARGETED_DEVICE_FAMILY = "1,2";
				TEST_TARGET_NAME = TransactionsList;
			};
			name = Debug;
		};
		72CF3A6F2A14B36100C92346 /* Release */ = {
			isa = XCBuildConfiguration;
			buildSettings = {
				ALWAYS_EMBED_SWIFT_STANDARD_LIBRARIES = YES;
				CODE_SIGN_STYLE = Automatic;
				CURRENT_PROJECT_VERSION = 1;
				GENERATE_INFOPLIST_FILE = YES;
				MARKETING_VERSION = 1.0;
				PRODUCT_BUNDLE_IDENTIFIER = com.blu.TransactionsListUITests;
				PRODUCT_NAME = "$(TARGET_NAME)";
				SWIFT_EMIT_LOC_STRINGS = NO;
				SWIFT_VERSION = 5.0;
				TARGETED_DEVICE_FAMILY = "1,2";
				TEST_TARGET_NAME = TransactionsList;
			};
			name = Release;
		};
/* End XCBuildConfiguration section */

/* Begin XCConfigurationList section */
		72CF3A352A14B35E00C92346 /* Build configuration list for PBXProject "TransactionsList" */ = {
			isa = XCConfigurationList;
			buildConfigurations = (
				72CF3A652A14B36100C92346 /* Debug */,
				72CF3A662A14B36100C92346 /* Release */,
			);
			defaultConfigurationIsVisible = 0;
			defaultConfigurationName = Release;
		};
		72CF3A672A14B36100C92346 /* Build configuration list for PBXNativeTarget "TransactionsList" */ = {
			isa = XCConfigurationList;
			buildConfigurations = (
				72CF3A682A14B36100C92346 /* Debug */,
				72CF3A692A14B36100C92346 /* Release */,
			);
			defaultConfigurationIsVisible = 0;
			defaultConfigurationName = Release;
		};
		72CF3A6A2A14B36100C92346 /* Build configuration list for PBXNativeTarget "TransactionsListTests" */ = {
			isa = XCConfigurationList;
			buildConfigurations = (
				72CF3A6B2A14B36100C92346 /* Debug */,
				72CF3A6C2A14B36100C92346 /* Release */,
			);
			defaultConfigurationIsVisible = 0;
			defaultConfigurationName = Release;
		};
		72CF3A6D2A14B36100C92346 /* Build configuration list for PBXNativeTarget "TransactionsListUITests" */ = {
			isa = XCConfigurationList;
			buildConfigurations = (
				72CF3A6E2A14B36100C92346 /* Debug */,
				72CF3A6F2A14B36100C92346 /* Release */,
			);
			defaultConfigurationIsVisible = 0;
			defaultConfigurationName = Release;
		};
/* End XCConfigurationList section */

/* Begin XCVersionGroup section */
		72CF3A462A14B35E00C92346 /* TransactionsList.xcdatamodeld */ = {
			isa = XCVersionGroup;
			children = (
				72CF3A472A14B35E00C92346 /* TransactionsList.xcdatamodel */,
			);
			currentVersion = 72CF3A472A14B35E00C92346 /* TransactionsList.xcdatamodel */;
			path = TransactionsList.xcdatamodeld;
			sourceTree = "<group>";
			versionGroupType = wrapper.xcdatamodel;
		};
/* End XCVersionGroup section */
	};
	rootObject = 72CF3A322A14B35E00C92346 /* Project object */;
}
